// !$*UTF8*$!
{
	archiveVersion = 1;
	classes = {
	};
	objectVersion = 46;
	objects = {

/* Begin PBXBuildFile section */
		9675393319F6DA22001B02D9 /* icon.icns in Resources */ = {isa = PBXBuildFile; fileRef = 9675393219F6DA22001B02D9 /* icon.icns */; };
		967823D719F6AD7A00E0429C /* Cocoa.framework in Frameworks */ = {isa = PBXBuildFile; fileRef = 967823D619F6AD7A00E0429C /* Cocoa.framework */; };
		967823E119F6AD7A00E0429C /* InfoPlist.strings in Resources */ = {isa = PBXBuildFile; fileRef = 967823DF19F6AD7A00E0429C /* InfoPlist.strings */; };
		967823E719F6AD7A00E0429C /* Credits.rtf in Resources */ = {isa = PBXBuildFile; fileRef = 967823E519F6AD7A00E0429C /* Credits.rtf */; };
		967823F619F6AD7A00E0429C /* XCTest.framework in Frameworks */ = {isa = PBXBuildFile; fileRef = 967823F519F6AD7A00E0429C /* XCTest.framework */; };
		967823F719F6AD7A00E0429C /* Cocoa.framework in Frameworks */ = {isa = PBXBuildFile; fileRef = 967823D619F6AD7A00E0429C /* Cocoa.framework */; };
		967823FF19F6AD7A00E0429C /* InfoPlist.strings in Resources */ = {isa = PBXBuildFile; fileRef = 967823FD19F6AD7A00E0429C /* InfoPlist.strings */; };
		9678240119F6AD7A00E0429C /* Monster_RPG_2Tests.m in Sources */ = {isa = PBXBuildFile; fileRef = 9678240019F6AD7A00E0429C /* Monster_RPG_2Tests.m */; };
		9678241419F6B15300E0429C /* libbass.dylib in CopyFiles */ = {isa = PBXBuildFile; fileRef = 9678241219F6B15300E0429C /* libbass.dylib */; };
		9678241519F6B15300E0429C /* libbassflac.dylib in CopyFiles */ = {isa = PBXBuildFile; fileRef = 9678241319F6B15300E0429C /* libbassflac.dylib */; };
		9678241819F6B16D00E0429C /* data in CopyFiles */ = {isa = PBXBuildFile; fileRef = 9678241719F6B16D00E0429C /* data */; };
		9678244C19F6B21F00E0429C /* 3d.cpp in Sources */ = {isa = PBXBuildFile; fileRef = 9678241919F6B21D00E0429C /* 3d.cpp */; };
		9678244D19F6B21F00E0429C /* Animation.cpp in Sources */ = {isa = PBXBuildFile; fileRef = 9678241A19F6B21D00E0429C /* Animation.cpp */; };
		9678244E19F6B21F00E0429C /* AnimationSet.cpp in Sources */ = {isa = PBXBuildFile; fileRef = 9678241B19F6B21D00E0429C /* AnimationSet.cpp */; };
		9678244F19F6B21F00E0429C /* Area.cpp in Sources */ = {isa = PBXBuildFile; fileRef = 9678241C19F6B21D00E0429C /* Area.cpp */; };
		9678245019F6B21F00E0429C /* atlas_accessor.cpp in Sources */ = {isa = PBXBuildFile; fileRef = 9678241D19F6B21D00E0429C /* atlas_accessor.cpp */; };
		9678245119F6B21F00E0429C /* atlas.cpp in Sources */ = {isa = PBXBuildFile; fileRef = 9678241E19F6B21D00E0429C /* atlas.cpp */; };
		9678245219F6B21F00E0429C /* battle.cpp in Sources */ = {isa = PBXBuildFile; fileRef = 9678241F19F6B21D00E0429C /* battle.cpp */; };
		9678245319F6B21F00E0429C /* CombatActions.cpp in Sources */ = {isa = PBXBuildFile; fileRef = 9678242019F6B21D00E0429C /* CombatActions.cpp */; };
		9678245419F6B21F00E0429C /* Combatant.cpp in Sources */ = {isa = PBXBuildFile; fileRef = 9678242119F6B21D00E0429C /* Combatant.cpp */; };
		9678245519F6B21F00E0429C /* CombatEnemy.cpp in Sources */ = {isa = PBXBuildFile; fileRef = 9678242219F6B21D00E0429C /* CombatEnemy.cpp */; };
		9678245619F6B21F00E0429C /* CombatEntity.cpp in Sources */ = {isa = PBXBuildFile; fileRef = 9678242319F6B21D00E0429C /* CombatEntity.cpp */; };
		9678245719F6B21F00E0429C /* CombatPlayer.cpp in Sources */ = {isa = PBXBuildFile; fileRef = 9678242419F6B21D00E0429C /* CombatPlayer.cpp */; };
		9678245819F6B21F00E0429C /* Configuration.cpp in Sources */ = {isa = PBXBuildFile; fileRef = 9678242519F6B21D00E0429C /* Configuration.cpp */; };
		9678245919F6B21F00E0429C /* debug.cpp in Sources */ = {isa = PBXBuildFile; fileRef = 9678242619F6B21D00E0429C /* debug.cpp */; };
		9678245A19F6B21F00E0429C /* equipment.cpp in Sources */ = {isa = PBXBuildFile; fileRef = 9678242719F6B21D00E0429C /* equipment.cpp */; };
		9678245B19F6B21F00E0429C /* Frame.cpp in Sources */ = {isa = PBXBuildFile; fileRef = 9678242819F6B21D00E0429C /* Frame.cpp */; };
		9678245C19F6B21F00E0429C /* ftpget.cpp in Sources */ = {isa = PBXBuildFile; fileRef = 9678242919F6B21D00E0429C /* ftpget.cpp */; };
		9678245D19F6B21F00E0429C /* gamecenter.mm in Sources */ = {isa = PBXBuildFile; fileRef = 9678242A19F6B21E00E0429C /* gamecenter.mm */; };
		9678245E19F6B21F00E0429C /* GenericEffect.cpp in Sources */ = {isa = PBXBuildFile; fileRef = 9678242B19F6B21E00E0429C /* GenericEffect.cpp */; };
		9678245F19F6B21F00E0429C /* graphics.cpp in Sources */ = {isa = PBXBuildFile; fileRef = 9678242C19F6B21E00E0429C /* graphics.cpp */; };
		9678246019F6B21F00E0429C /* Image.cpp in Sources */ = {isa = PBXBuildFile; fileRef = 9678242D19F6B21E00E0429C /* Image.cpp */; };
		9678246219F6B21F00E0429C /* Input.cpp in Sources */ = {isa = PBXBuildFile; fileRef = 9678242F19F6B21E00E0429C /* Input.cpp */; };
		9678246319F6B21F00E0429C /* inventory.cpp in Sources */ = {isa = PBXBuildFile; fileRef = 9678243019F6B21E00E0429C /* inventory.cpp */; };
		9678246419F6B21F00E0429C /* io.cpp in Sources */ = {isa = PBXBuildFile; fileRef = 9678243119F6B21E00E0429C /* io.cpp */; };
		9678246619F6B21F00E0429C /* Items.cpp in Sources */ = {isa = PBXBuildFile; fileRef = 9678243319F6B21E00E0429C /* Items.cpp */; };
		9678246819F6B21F00E0429C /* joypad_handler.mm in Sources */ = {isa = PBXBuildFile; fileRef = 9678243519F6B21E00E0429C /* joypad_handler.mm */; };
		9678246919F6B21F00E0429C /* joypad.mm in Sources */ = {isa = PBXBuildFile; fileRef = 9678243619F6B21E00E0429C /* joypad.mm */; };
		9678246A19F6B21F00E0429C /* lander.cpp in Sources */ = {isa = PBXBuildFile; fileRef = 9678243719F6B21E00E0429C /* lander.cpp */; };
		9678246B19F6B21F00E0429C /* monster2.cpp in Sources */ = {isa = PBXBuildFile; fileRef = 9678243819F6B21E00E0429C /* monster2.cpp */; };
		9678246C19F6B21F00E0429C /* my_load_bitmap.cpp in Sources */ = {isa = PBXBuildFile; fileRef = 9678243919F6B21E00E0429C /* my_load_bitmap.cpp */; };
		9678246D19F6B21F00E0429C /* mygamecentervc.m in Sources */ = {isa = PBXBuildFile; fileRef = 9678243A19F6B21E00E0429C /* mygamecentervc.m */; };
		9678246E19F6B21F00E0429C /* Object.cpp in Sources */ = {isa = PBXBuildFile; fileRef = 9678243B19F6B21E00E0429C /* Object.cpp */; };
		9678246F19F6B21F00E0429C /* pause.cpp in Sources */ = {isa = PBXBuildFile; fileRef = 9678243C19F6B21E00E0429C /* pause.cpp */; };
		9678247019F6B21F00E0429C /* Player.cpp in Sources */ = {isa = PBXBuildFile; fileRef = 9678243D19F6B21E00E0429C /* Player.cpp */; };
		9678247119F6B21F00E0429C /* redundant.cpp in Sources */ = {isa = PBXBuildFile; fileRef = 9678243E19F6B21E00E0429C /* redundant.cpp */; };
		9678247219F6B21F00E0429C /* script.cpp in Sources */ = {isa = PBXBuildFile; fileRef = 9678243F19F6B21F00E0429C /* script.cpp */; };
		9678247319F6B21F00E0429C /* shooter.cpp in Sources */ = {isa = PBXBuildFile; fileRef = 9678244019F6B21F00E0429C /* shooter.cpp */; };
		9678247519F6B21F00E0429C /* sound.cpp in Sources */ = {isa = PBXBuildFile; fileRef = 9678244219F6B21F00E0429C /* sound.cpp */; };
		9678247619F6B21F00E0429C /* Spells.cpp in Sources */ = {isa = PBXBuildFile; fileRef = 9678244319F6B21F00E0429C /* Spells.cpp */; };
		9678247819F6B21F00E0429C /* tftp_get.c in Sources */ = {isa = PBXBuildFile; fileRef = 9678244519F6B21F00E0429C /* tftp_get.c */; };
		9678247919F6B21F00E0429C /* tgui.cpp in Sources */ = {isa = PBXBuildFile; fileRef = 9678244619F6B21F00E0429C /* tgui.cpp */; };
		9678247A19F6B21F00E0429C /* Tile.cpp in Sources */ = {isa = PBXBuildFile; fileRef = 9678244719F6B21F00E0429C /* Tile.cpp */; };
		9678247B19F6B21F00E0429C /* translate.cpp in Sources */ = {isa = PBXBuildFile; fileRef = 9678244819F6B21F00E0429C /* translate.cpp */; };
		9678247C19F6B21F00E0429C /* util.cpp in Sources */ = {isa = PBXBuildFile; fileRef = 9678244919F6B21F00E0429C /* util.cpp */; };
		9678247D19F6B21F00E0429C /* widgets.cpp in Sources */ = {isa = PBXBuildFile; fileRef = 9678244A19F6B21F00E0429C /* widgets.cpp */; };
		9678247E19F6B21F00E0429C /* xml.cpp in Sources */ = {isa = PBXBuildFile; fileRef = 9678244B19F6B21F00E0429C /* xml.cpp */; };
		9678248319F6B33D00E0429C /* AudioToolbox.framework in Frameworks */ = {isa = PBXBuildFile; fileRef = 9678247F19F6B33D00E0429C /* AudioToolbox.framework */; };
		9678248419F6B33D00E0429C /* IOKit.framework in Frameworks */ = {isa = PBXBuildFile; fileRef = 9678248019F6B33D00E0429C /* IOKit.framework */; };
		9678248519F6B33D00E0429C /* OpenGL.framework in Frameworks */ = {isa = PBXBuildFile; fileRef = 9678248119F6B33D00E0429C /* OpenGL.framework */; };
		9678248619F6B33D00E0429C /* Security.framework in Frameworks */ = {isa = PBXBuildFile; fileRef = 9678248219F6B33D00E0429C /* Security.framework */; };
		9678248919F6B66200E0429C /* libbass.dylib in Frameworks */ = {isa = PBXBuildFile; fileRef = 9678241219F6B15300E0429C /* libbass.dylib */; };
		9678249719F6B66300E0429C /* liballegro_font-static.a in Frameworks */ = {isa = PBXBuildFile; fileRef = 9678248A19F6B66300E0429C /* liballegro_font-static.a */; };
		9678249819F6B66300E0429C /* liballegro_image-static.a in Frameworks */ = {isa = PBXBuildFile; fileRef = 9678248B19F6B66300E0429C /* liballegro_image-static.a */; };
		9678249919F6B66300E0429C /* liballegro_main-static.a in Frameworks */ = {isa = PBXBuildFile; fileRef = 9678248C19F6B66300E0429C /* liballegro_main-static.a */; };
		9678249A19F6B66300E0429C /* liballegro_memfile-static.a in Frameworks */ = {isa = PBXBuildFile; fileRef = 9678248D19F6B66300E0429C /* liballegro_memfile-static.a */; };
		9678249B19F6B66300E0429C /* liballegro_physfs-static.a in Frameworks */ = {isa = PBXBuildFile; fileRef = 9678248E19F6B66300E0429C /* liballegro_physfs-static.a */; };
		9678249C19F6B66300E0429C /* liballegro_primitives-static.a in Frameworks */ = {isa = PBXBuildFile; fileRef = 9678248F19F6B66300E0429C /* liballegro_primitives-static.a */; };
		9678249D19F6B66300E0429C /* liballegro_ttf-static.a in Frameworks */ = {isa = PBXBuildFile; fileRef = 9678249019F6B66300E0429C /* liballegro_ttf-static.a */; };
		9678249E19F6B66300E0429C /* liballegro-static.a in Frameworks */ = {isa = PBXBuildFile; fileRef = 9678249119F6B66300E0429C /* liballegro-static.a */; };
		9678249F19F6B66300E0429C /* libcurl.a in Frameworks */ = {isa = PBXBuildFile; fileRef = 9678249219F6B66300E0429C /* libcurl.a */; };
		967824A019F6B66300E0429C /* libfreetype.a in Frameworks */ = {isa = PBXBuildFile; fileRef = 9678249319F6B66300E0429C /* libfreetype.a */; };
		967824A119F6B66300E0429C /* liblua5.2.a in Frameworks */ = {isa = PBXBuildFile; fileRef = 9678249419F6B66300E0429C /* liblua5.2.a */; };
		967824A219F6B66300E0429C /* libphysfs.a in Frameworks */ = {isa = PBXBuildFile; fileRef = 9678249519F6B66300E0429C /* libphysfs.a */; };
		967824A319F6B66300E0429C /* libz.a in Frameworks */ = {isa = PBXBuildFile; fileRef = 9678249619F6B66300E0429C /* libz.a */; };
		967824A719F6B75800E0429C /* init.mm in Sources */ = {isa = PBXBuildFile; fileRef = 967824A619F6B75800E0429C /* init.mm */; };
		967824A919F6B8C800E0429C /* liballegro_dialog-static.a in Frameworks */ = {isa = PBXBuildFile; fileRef = 967824A819F6B8C800E0429C /* liballegro_dialog-static.a */; };
		96D291B21A04703D00C3AA96 /* GameKit.framework in Frameworks */ = {isa = PBXBuildFile; fileRef = 96D291B11A04703D00C3AA96 /* GameKit.framework */; };
/* End PBXBuildFile section */

/* Begin PBXContainerItemProxy section */
		967823F819F6AD7A00E0429C /* PBXContainerItemProxy */ = {
			isa = PBXContainerItemProxy;
			containerPortal = 967823CB19F6AD7A00E0429C /* Project object */;
			proxyType = 1;
			remoteGlobalIDString = 967823D219F6AD7A00E0429C;
			remoteInfo = "Monster RPG 2";
		};
/* End PBXContainerItemProxy section */

/* Begin PBXCopyFilesBuildPhase section */
		9678241119F6B12400E0429C /* CopyFiles */ = {
			isa = PBXCopyFilesBuildPhase;
			buildActionMask = 2147483647;
			dstPath = "";
			dstSubfolderSpec = 6;
			files = (
				9678241419F6B15300E0429C /* libbass.dylib in CopyFiles */,
				9678241519F6B15300E0429C /* libbassflac.dylib in CopyFiles */,
			);
			runOnlyForDeploymentPostprocessing = 0;
		};
		9678241619F6B15800E0429C /* CopyFiles */ = {
			isa = PBXCopyFilesBuildPhase;
			buildActionMask = 2147483647;
			dstPath = "";
			dstSubfolderSpec = 7;
			files = (
				9678241819F6B16D00E0429C /* data in CopyFiles */,
			);
			runOnlyForDeploymentPostprocessing = 0;
		};
/* End PBXCopyFilesBuildPhase section */

/* Begin PBXFileReference section */
		9675393219F6DA22001B02D9 /* icon.icns */ = {isa = PBXFileReference; lastKnownFileType = image.icns; path = icon.icns; sourceTree = "<group>"; };
		967823D319F6AD7A00E0429C /* Monster RPG 2.app */ = {isa = PBXFileReference; explicitFileType = wrapper.application; includeInIndex = 0; path = "Monster RPG 2.app"; sourceTree = BUILT_PRODUCTS_DIR; };
		967823D619F6AD7A00E0429C /* Cocoa.framework */ = {isa = PBXFileReference; lastKnownFileType = wrapper.framework; name = Cocoa.framework; path = System/Library/Frameworks/Cocoa.framework; sourceTree = SDKROOT; };
		967823D919F6AD7A00E0429C /* AppKit.framework */ = {isa = PBXFileReference; lastKnownFileType = wrapper.framework; name = AppKit.framework; path = System/Library/Frameworks/AppKit.framework; sourceTree = SDKROOT; };
		967823DA19F6AD7A00E0429C /* CoreData.framework */ = {isa = PBXFileReference; lastKnownFileType = wrapper.framework; name = CoreData.framework; path = System/Library/Frameworks/CoreData.framework; sourceTree = SDKROOT; };
		967823DB19F6AD7A00E0429C /* Foundation.framework */ = {isa = PBXFileReference; lastKnownFileType = wrapper.framework; name = Foundation.framework; path = System/Library/Frameworks/Foundation.framework; sourceTree = SDKROOT; };
		967823DE19F6AD7A00E0429C /* Monster RPG 2-Info.plist */ = {isa = PBXFileReference; lastKnownFileType = text.plist.xml; path = "Monster RPG 2-Info.plist"; sourceTree = "<group>"; };
		967823E019F6AD7A00E0429C /* en */ = {isa = PBXFileReference; lastKnownFileType = text.plist.strings; name = en; path = en.lproj/InfoPlist.strings; sourceTree = "<group>"; };
		967823E419F6AD7A00E0429C /* Monster RPG 2-Prefix.pch */ = {isa = PBXFileReference; lastKnownFileType = sourcecode.c.h; path = "Monster RPG 2-Prefix.pch"; sourceTree = "<group>"; };
		967823E619F6AD7A00E0429C /* en */ = {isa = PBXFileReference; lastKnownFileType = text.rtf; name = en; path = en.lproj/Credits.rtf; sourceTree = "<group>"; };
		967823F419F6AD7A00E0429C /* Monster RPG 2Tests.xctest */ = {isa = PBXFileReference; explicitFileType = wrapper.cfbundle; includeInIndex = 0; path = "Monster RPG 2Tests.xctest"; sourceTree = BUILT_PRODUCTS_DIR; };
		967823F519F6AD7A00E0429C /* XCTest.framework */ = {isa = PBXFileReference; lastKnownFileType = wrapper.framework; name = XCTest.framework; path = Library/Frameworks/XCTest.framework; sourceTree = DEVELOPER_DIR; };
		967823FC19F6AD7A00E0429C /* Monster RPG 2Tests-Info.plist */ = {isa = PBXFileReference; lastKnownFileType = text.plist.xml; path = "Monster RPG 2Tests-Info.plist"; sourceTree = "<group>"; };
		967823FE19F6AD7A00E0429C /* en */ = {isa = PBXFileReference; lastKnownFileType = text.plist.strings; name = en; path = en.lproj/InfoPlist.strings; sourceTree = "<group>"; };
		9678240019F6AD7A00E0429C /* Monster_RPG_2Tests.m */ = {isa = PBXFileReference; lastKnownFileType = sourcecode.c.objc; path = Monster_RPG_2Tests.m; sourceTree = "<group>"; };
		9678241019F6AFC700E0429C /* Monster RPG 2.entitlements */ = {isa = PBXFileReference; lastKnownFileType = text.xml; path = "Monster RPG 2.entitlements"; sourceTree = "<group>"; };
		9678241219F6B15300E0429C /* libbass.dylib */ = {isa = PBXFileReference; lastKnownFileType = "compiled.mach-o.dylib"; name = libbass.dylib; path = ../../../local/lib/libbass.dylib; sourceTree = "<group>"; };
		9678241319F6B15300E0429C /* libbassflac.dylib */ = {isa = PBXFileReference; lastKnownFileType = "compiled.mach-o.dylib"; name = libbassflac.dylib; path = ../../../local/lib/libbassflac.dylib; sourceTree = "<group>"; };
		9678241719F6B16D00E0429C /* data */ = {isa = PBXFileReference; lastKnownFileType = folder; name = data; path = ../../data; sourceTree = "<group>"; };
		9678241919F6B21D00E0429C /* 3d.cpp */ = {isa = PBXFileReference; fileEncoding = 4; lastKnownFileType = sourcecode.cpp.cpp; name = 3d.cpp; path = ../../src/3d.cpp; sourceTree = "<group>"; };
		9678241A19F6B21D00E0429C /* Animation.cpp */ = {isa = PBXFileReference; fileEncoding = 4; lastKnownFileType = sourcecode.cpp.cpp; name = Animation.cpp; path = ../../src/Animation.cpp; sourceTree = "<group>"; };
		9678241B19F6B21D00E0429C /* AnimationSet.cpp */ = {isa = PBXFileReference; fileEncoding = 4; lastKnownFileType = sourcecode.cpp.cpp; name = AnimationSet.cpp; path = ../../src/AnimationSet.cpp; sourceTree = "<group>"; };
		9678241C19F6B21D00E0429C /* Area.cpp */ = {isa = PBXFileReference; fileEncoding = 4; lastKnownFileType = sourcecode.cpp.cpp; name = Area.cpp; path = ../../src/Area.cpp; sourceTree = "<group>"; };
		9678241D19F6B21D00E0429C /* atlas_accessor.cpp */ = {isa = PBXFileReference; fileEncoding = 4; lastKnownFileType = sourcecode.cpp.cpp; name = atlas_accessor.cpp; path = ../../src/atlas_accessor.cpp; sourceTree = "<group>"; };
		9678241E19F6B21D00E0429C /* atlas.cpp */ = {isa = PBXFileReference; fileEncoding = 4; lastKnownFileType = sourcecode.cpp.cpp; name = atlas.cpp; path = ../../src/atlas.cpp; sourceTree = "<group>"; };
		9678241F19F6B21D00E0429C /* battle.cpp */ = {isa = PBXFileReference; fileEncoding = 4; lastKnownFileType = sourcecode.cpp.cpp; name = battle.cpp; path = ../../src/battle.cpp; sourceTree = "<group>"; };
		9678242019F6B21D00E0429C /* CombatActions.cpp */ = {isa = PBXFileReference; fileEncoding = 4; lastKnownFileType = sourcecode.cpp.cpp; name = CombatActions.cpp; path = ../../src/CombatActions.cpp; sourceTree = "<group>"; };
		9678242119F6B21D00E0429C /* Combatant.cpp */ = {isa = PBXFileReference; fileEncoding = 4; lastKnownFileType = sourcecode.cpp.cpp; name = Combatant.cpp; path = ../../src/Combatant.cpp; sourceTree = "<group>"; };
		9678242219F6B21D00E0429C /* CombatEnemy.cpp */ = {isa = PBXFileReference; fileEncoding = 4; lastKnownFileType = sourcecode.cpp.cpp; name = CombatEnemy.cpp; path = ../../src/CombatEnemy.cpp; sourceTree = "<group>"; };
		9678242319F6B21D00E0429C /* CombatEntity.cpp */ = {isa = PBXFileReference; fileEncoding = 4; lastKnownFileType = sourcecode.cpp.cpp; name = CombatEntity.cpp; path = ../../src/CombatEntity.cpp; sourceTree = "<group>"; };
		9678242419F6B21D00E0429C /* CombatPlayer.cpp */ = {isa = PBXFileReference; fileEncoding = 4; lastKnownFileType = sourcecode.cpp.cpp; name = CombatPlayer.cpp; path = ../../src/CombatPlayer.cpp; sourceTree = "<group>"; };
		9678242519F6B21D00E0429C /* Configuration.cpp */ = {isa = PBXFileReference; fileEncoding = 4; lastKnownFileType = sourcecode.cpp.cpp; name = Configuration.cpp; path = ../../src/Configuration.cpp; sourceTree = "<group>"; };
		9678242619F6B21D00E0429C /* debug.cpp */ = {isa = PBXFileReference; fileEncoding = 4; lastKnownFileType = sourcecode.cpp.cpp; name = debug.cpp; path = ../../src/debug.cpp; sourceTree = "<group>"; };
		9678242719F6B21D00E0429C /* equipment.cpp */ = {isa = PBXFileReference; fileEncoding = 4; lastKnownFileType = sourcecode.cpp.cpp; name = equipment.cpp; path = ../../src/equipment.cpp; sourceTree = "<group>"; };
		9678242819F6B21D00E0429C /* Frame.cpp */ = {isa = PBXFileReference; fileEncoding = 4; lastKnownFileType = sourcecode.cpp.cpp; name = Frame.cpp; path = ../../src/Frame.cpp; sourceTree = "<group>"; };
		9678242919F6B21D00E0429C /* ftpget.cpp */ = {isa = PBXFileReference; fileEncoding = 4; lastKnownFileType = sourcecode.cpp.cpp; name = ftpget.cpp; path = ../../src/ftpget.cpp; sourceTree = "<group>"; };
		9678242A19F6B21E00E0429C /* gamecenter.mm */ = {isa = PBXFileReference; fileEncoding = 4; lastKnownFileType = sourcecode.cpp.objcpp; name = gamecenter.mm; path = ../../src/gamecenter.mm; sourceTree = "<group>"; };
		9678242B19F6B21E00E0429C /* GenericEffect.cpp */ = {isa = PBXFileReference; fileEncoding = 4; lastKnownFileType = sourcecode.cpp.cpp; name = GenericEffect.cpp; path = ../../src/GenericEffect.cpp; sourceTree = "<group>"; };
		9678242C19F6B21E00E0429C /* graphics.cpp */ = {isa = PBXFileReference; fileEncoding = 4; lastKnownFileType = sourcecode.cpp.cpp; name = graphics.cpp; path = ../../src/graphics.cpp; sourceTree = "<group>"; };
		9678242D19F6B21E00E0429C /* Image.cpp */ = {isa = PBXFileReference; fileEncoding = 4; lastKnownFileType = sourcecode.cpp.cpp; name = Image.cpp; path = ../../src/Image.cpp; sourceTree = "<group>"; };
		9678242F19F6B21E00E0429C /* Input.cpp */ = {isa = PBXFileReference; fileEncoding = 4; lastKnownFileType = sourcecode.cpp.cpp; name = Input.cpp; path = ../../src/Input.cpp; sourceTree = "<group>"; };
		9678243019F6B21E00E0429C /* inventory.cpp */ = {isa = PBXFileReference; fileEncoding = 4; lastKnownFileType = sourcecode.cpp.cpp; name = inventory.cpp; path = ../../src/inventory.cpp; sourceTree = "<group>"; };
		9678243119F6B21E00E0429C /* io.cpp */ = {isa = PBXFileReference; fileEncoding = 4; lastKnownFileType = sourcecode.cpp.cpp; name = io.cpp; path = ../../src/io.cpp; sourceTree = "<group>"; };
		9678243319F6B21E00E0429C /* Items.cpp */ = {isa = PBXFileReference; fileEncoding = 4; lastKnownFileType = sourcecode.cpp.cpp; name = Items.cpp; path = ../../src/Items.cpp; sourceTree = "<group>"; };
		9678243519F6B21E00E0429C /* joypad_handler.mm */ = {isa = PBXFileReference; fileEncoding = 4; lastKnownFileType = sourcecode.cpp.objcpp; name = joypad_handler.mm; path = ../../src/joypad_handler.mm; sourceTree = "<group>"; };
		9678243619F6B21E00E0429C /* joypad.mm */ = {isa = PBXFileReference; fileEncoding = 4; lastKnownFileType = sourcecode.cpp.objcpp; name = joypad.mm; path = ../../src/joypad.mm; sourceTree = "<group>"; };
		9678243719F6B21E00E0429C /* lander.cpp */ = {isa = PBXFileReference; fileEncoding = 4; lastKnownFileType = sourcecode.cpp.cpp; name = lander.cpp; path = ../../src/lander.cpp; sourceTree = "<group>"; };
		9678243819F6B21E00E0429C /* monster2.cpp */ = {isa = PBXFileReference; fileEncoding = 4; lastKnownFileType = sourcecode.cpp.cpp; name = monster2.cpp; path = ../../src/monster2.cpp; sourceTree = "<group>"; };
		9678243919F6B21E00E0429C /* my_load_bitmap.cpp */ = {isa = PBXFileReference; fileEncoding = 4; lastKnownFileType = sourcecode.cpp.cpp; name = my_load_bitmap.cpp; path = ../../src/my_load_bitmap.cpp; sourceTree = "<group>"; };
		9678243A19F6B21E00E0429C /* mygamecentervc.m */ = {isa = PBXFileReference; fileEncoding = 4; lastKnownFileType = sourcecode.c.objc; name = mygamecentervc.m; path = ../../src/mygamecentervc.m; sourceTree = "<group>"; };
		9678243B19F6B21E00E0429C /* Object.cpp */ = {isa = PBXFileReference; fileEncoding = 4; lastKnownFileType = sourcecode.cpp.cpp; name = Object.cpp; path = ../../src/Object.cpp; sourceTree = "<group>"; };
		9678243C19F6B21E00E0429C /* pause.cpp */ = {isa = PBXFileReference; fileEncoding = 4; lastKnownFileType = sourcecode.cpp.cpp; name = pause.cpp; path = ../../src/pause.cpp; sourceTree = "<group>"; };
		9678243D19F6B21E00E0429C /* Player.cpp */ = {isa = PBXFileReference; fileEncoding = 4; lastKnownFileType = sourcecode.cpp.cpp; name = Player.cpp; path = ../../src/Player.cpp; sourceTree = "<group>"; };
		9678243E19F6B21E00E0429C /* redundant.cpp */ = {isa = PBXFileReference; fileEncoding = 4; lastKnownFileType = sourcecode.cpp.cpp; name = redundant.cpp; path = ../../src/redundant.cpp; sourceTree = "<group>"; };
		9678243F19F6B21F00E0429C /* script.cpp */ = {isa = PBXFileReference; fileEncoding = 4; lastKnownFileType = sourcecode.cpp.cpp; name = script.cpp; path = ../../src/script.cpp; sourceTree = "<group>"; };
		9678244019F6B21F00E0429C /* shooter.cpp */ = {isa = PBXFileReference; fileEncoding = 4; lastKnownFileType = sourcecode.cpp.cpp; name = shooter.cpp; path = ../../src/shooter.cpp; sourceTree = "<group>"; };
		9678244219F6B21F00E0429C /* sound.cpp */ = {isa = PBXFileReference; fileEncoding = 4; lastKnownFileType = sourcecode.cpp.cpp; name = sound.cpp; path = ../../src/sound.cpp; sourceTree = "<group>"; };
		9678244319F6B21F00E0429C /* Spells.cpp */ = {isa = PBXFileReference; fileEncoding = 4; lastKnownFileType = sourcecode.cpp.cpp; name = Spells.cpp; path = ../../src/Spells.cpp; sourceTree = "<group>"; };
		9678244519F6B21F00E0429C /* tftp_get.c */ = {isa = PBXFileReference; fileEncoding = 4; lastKnownFileType = sourcecode.c.c; name = tftp_get.c; path = ../../src/tftp_get.c; sourceTree = "<group>"; };
		9678244619F6B21F00E0429C /* tgui.cpp */ = {isa = PBXFileReference; fileEncoding = 4; lastKnownFileType = sourcecode.cpp.cpp; name = tgui.cpp; path = ../../src/tgui.cpp; sourceTree = "<group>"; };
		9678244719F6B21F00E0429C /* Tile.cpp */ = {isa = PBXFileReference; fileEncoding = 4; lastKnownFileType = sourcecode.cpp.cpp; name = Tile.cpp; path = ../../src/Tile.cpp; sourceTree = "<group>"; };
		9678244819F6B21F00E0429C /* translate.cpp */ = {isa = PBXFileReference; fileEncoding = 4; lastKnownFileType = sourcecode.cpp.cpp; name = translate.cpp; path = ../../src/translate.cpp; sourceTree = "<group>"; };
		9678244919F6B21F00E0429C /* util.cpp */ = {isa = PBXFileReference; fileEncoding = 4; lastKnownFileType = sourcecode.cpp.cpp; name = util.cpp; path = ../../src/util.cpp; sourceTree = "<group>"; };
		9678244A19F6B21F00E0429C /* widgets.cpp */ = {isa = PBXFileReference; fileEncoding = 4; lastKnownFileType = sourcecode.cpp.cpp; name = widgets.cpp; path = ../../src/widgets.cpp; sourceTree = "<group>"; };
		9678244B19F6B21F00E0429C /* xml.cpp */ = {isa = PBXFileReference; fileEncoding = 4; lastKnownFileType = sourcecode.cpp.cpp; name = xml.cpp; path = ../../src/xml.cpp; sourceTree = "<group>"; };
		9678247F19F6B33D00E0429C /* AudioToolbox.framework */ = {isa = PBXFileReference; lastKnownFileType = wrapper.framework; name = AudioToolbox.framework; path = Platforms/MacOSX.platform/Developer/SDKs/MacOSX10.7.sdk/System/Library/Frameworks/AudioToolbox.framework; sourceTree = DEVELOPER_DIR; };
		9678248019F6B33D00E0429C /* IOKit.framework */ = {isa = PBXFileReference; lastKnownFileType = wrapper.framework; name = IOKit.framework; path = Platforms/MacOSX.platform/Developer/SDKs/MacOSX10.7.sdk/System/Library/Frameworks/IOKit.framework; sourceTree = DEVELOPER_DIR; };
		9678248119F6B33D00E0429C /* OpenGL.framework */ = {isa = PBXFileReference; lastKnownFileType = wrapper.framework; name = OpenGL.framework; path = Platforms/MacOSX.platform/Developer/SDKs/MacOSX10.7.sdk/System/Library/Frameworks/OpenGL.framework; sourceTree = DEVELOPER_DIR; };
		9678248219F6B33D00E0429C /* Security.framework */ = {isa = PBXFileReference; lastKnownFileType = wrapper.framework; name = Security.framework; path = Platforms/MacOSX.platform/Developer/SDKs/MacOSX10.7.sdk/System/Library/Frameworks/Security.framework; sourceTree = DEVELOPER_DIR; };
		9678248A19F6B66300E0429C /* liballegro_font-static.a */ = {isa = PBXFileReference; lastKnownFileType = archive.ar; name = "liballegro_font-static.a"; path = "../../../local/lib/liballegro_font-static.a"; sourceTree = "<group>"; };
		9678248B19F6B66300E0429C /* liballegro_image-static.a */ = {isa = PBXFileReference; lastKnownFileType = archive.ar; name = "liballegro_image-static.a"; path = "../../../local/lib/liballegro_image-static.a"; sourceTree = "<group>"; };
		9678248C19F6B66300E0429C /* liballegro_main-static.a */ = {isa = PBXFileReference; lastKnownFileType = archive.ar; name = "liballegro_main-static.a"; path = "../../../local/lib/liballegro_main-static.a"; sourceTree = "<group>"; };
		9678248D19F6B66300E0429C /* liballegro_memfile-static.a */ = {isa = PBXFileReference; lastKnownFileType = archive.ar; name = "liballegro_memfile-static.a"; path = "../../../local/lib/liballegro_memfile-static.a"; sourceTree = "<group>"; };
		9678248E19F6B66300E0429C /* liballegro_physfs-static.a */ = {isa = PBXFileReference; lastKnownFileType = archive.ar; name = "liballegro_physfs-static.a"; path = "../../../local/lib/liballegro_physfs-static.a"; sourceTree = "<group>"; };
		9678248F19F6B66300E0429C /* liballegro_primitives-static.a */ = {isa = PBXFileReference; lastKnownFileType = archive.ar; name = "liballegro_primitives-static.a"; path = "../../../local/lib/liballegro_primitives-static.a"; sourceTree = "<group>"; };
		9678249019F6B66300E0429C /* liballegro_ttf-static.a */ = {isa = PBXFileReference; lastKnownFileType = archive.ar; name = "liballegro_ttf-static.a"; path = "../../../local/lib/liballegro_ttf-static.a"; sourceTree = "<group>"; };
		9678249119F6B66300E0429C /* liballegro-static.a */ = {isa = PBXFileReference; lastKnownFileType = archive.ar; name = "liballegro-static.a"; path = "../../../local/lib/liballegro-static.a"; sourceTree = "<group>"; };
		9678249219F6B66300E0429C /* libcurl.a */ = {isa = PBXFileReference; lastKnownFileType = archive.ar; name = libcurl.a; path = ../../../local/lib/libcurl.a; sourceTree = "<group>"; };
		9678249319F6B66300E0429C /* libfreetype.a */ = {isa = PBXFileReference; lastKnownFileType = archive.ar; name = libfreetype.a; path = ../../../local/lib/libfreetype.a; sourceTree = "<group>"; };
		9678249419F6B66300E0429C /* liblua5.2.a */ = {isa = PBXFileReference; lastKnownFileType = archive.ar; name = liblua5.2.a; path = ../../../local/lib/liblua5.2.a; sourceTree = "<group>"; };
		9678249519F6B66300E0429C /* libphysfs.a */ = {isa = PBXFileReference; lastKnownFileType = archive.ar; name = libphysfs.a; path = ../../../local/lib/libphysfs.a; sourceTree = "<group>"; };
		9678249619F6B66300E0429C /* libz.a */ = {isa = PBXFileReference; lastKnownFileType = archive.ar; name = libz.a; path = ../../../local/lib/libz.a; sourceTree = "<group>"; };
		967824A619F6B75800E0429C /* init.mm */ = {isa = PBXFileReference; fileEncoding = 4; lastKnownFileType = sourcecode.cpp.objcpp; name = init.mm; path = ../../src/init.mm; sourceTree = "<group>"; };
		967824A819F6B8C800E0429C /* liballegro_dialog-static.a */ = {isa = PBXFileReference; lastKnownFileType = archive.ar; name = "liballegro_dialog-static.a"; path = "../../../local/lib/liballegro_dialog-static.a"; sourceTree = "<group>"; };
		96D291B11A04703D00C3AA96 /* GameKit.framework */ = {isa = PBXFileReference; lastKnownFileType = wrapper.framework; name = GameKit.framework; path = Platforms/MacOSX.platform/Developer/SDKs/MacOSX10.8.sdk/System/Library/Frameworks/GameKit.framework; sourceTree = DEVELOPER_DIR; };
/* End PBXFileReference section */

/* Begin PBXFrameworksBuildPhase section */
		967823D019F6AD7A00E0429C /* Frameworks */ = {
			isa = PBXFrameworksBuildPhase;
			buildActionMask = 2147483647;
			files = (
				967824A919F6B8C800E0429C /* liballegro_dialog-static.a in Frameworks */,
				9678249719F6B66300E0429C /* liballegro_font-static.a in Frameworks */,
				9678249819F6B66300E0429C /* liballegro_image-static.a in Frameworks */,
				9678249919F6B66300E0429C /* liballegro_main-static.a in Frameworks */,
				9678249A19F6B66300E0429C /* liballegro_memfile-static.a in Frameworks */,
				9678249B19F6B66300E0429C /* liballegro_physfs-static.a in Frameworks */,
				9678249C19F6B66300E0429C /* liballegro_primitives-static.a in Frameworks */,
				9678249D19F6B66300E0429C /* liballegro_ttf-static.a in Frameworks */,
				9678249E19F6B66300E0429C /* liballegro-static.a in Frameworks */,
				96D291B21A04703D00C3AA96 /* GameKit.framework in Frameworks */,
				9678249F19F6B66300E0429C /* libcurl.a in Frameworks */,
				967824A019F6B66300E0429C /* libfreetype.a in Frameworks */,
				967824A119F6B66300E0429C /* liblua5.2.a in Frameworks */,
				967824A219F6B66300E0429C /* libphysfs.a in Frameworks */,
				967824A319F6B66300E0429C /* libz.a in Frameworks */,
				9678248919F6B66200E0429C /* libbass.dylib in Frameworks */,
				9678248319F6B33D00E0429C /* AudioToolbox.framework in Frameworks */,
				9678248419F6B33D00E0429C /* IOKit.framework in Frameworks */,
				9678248519F6B33D00E0429C /* OpenGL.framework in Frameworks */,
				9678248619F6B33D00E0429C /* Security.framework in Frameworks */,
				967823D719F6AD7A00E0429C /* Cocoa.framework in Frameworks */,
			);
			runOnlyForDeploymentPostprocessing = 0;
		};
		967823F119F6AD7A00E0429C /* Frameworks */ = {
			isa = PBXFrameworksBuildPhase;
			buildActionMask = 2147483647;
			files = (
				967823F719F6AD7A00E0429C /* Cocoa.framework in Frameworks */,
				967823F619F6AD7A00E0429C /* XCTest.framework in Frameworks */,
			);
			runOnlyForDeploymentPostprocessing = 0;
		};
/* End PBXFrameworksBuildPhase section */

/* Begin PBXGroup section */
		967823CA19F6AD7900E0429C = {
			isa = PBXGroup;
			children = (
				9675393219F6DA22001B02D9 /* icon.icns */,
				967824A619F6B75800E0429C /* init.mm */,
				9678241919F6B21D00E0429C /* 3d.cpp */,
				9678241A19F6B21D00E0429C /* Animation.cpp */,
				9678241B19F6B21D00E0429C /* AnimationSet.cpp */,
				9678241C19F6B21D00E0429C /* Area.cpp */,
				9678241D19F6B21D00E0429C /* atlas_accessor.cpp */,
				9678241E19F6B21D00E0429C /* atlas.cpp */,
				9678241F19F6B21D00E0429C /* battle.cpp */,
				9678242019F6B21D00E0429C /* CombatActions.cpp */,
				9678242119F6B21D00E0429C /* Combatant.cpp */,
				9678242219F6B21D00E0429C /* CombatEnemy.cpp */,
				9678242319F6B21D00E0429C /* CombatEntity.cpp */,
				9678242419F6B21D00E0429C /* CombatPlayer.cpp */,
				9678242519F6B21D00E0429C /* Configuration.cpp */,
				9678242619F6B21D00E0429C /* debug.cpp */,
				9678242719F6B21D00E0429C /* equipment.cpp */,
				9678242819F6B21D00E0429C /* Frame.cpp */,
				9678242919F6B21D00E0429C /* ftpget.cpp */,
				9678242A19F6B21E00E0429C /* gamecenter.mm */,
				9678242B19F6B21E00E0429C /* GenericEffect.cpp */,
				9678242C19F6B21E00E0429C /* graphics.cpp */,
				9678242D19F6B21E00E0429C /* Image.cpp */,
				9678242F19F6B21E00E0429C /* Input.cpp */,
				9678243019F6B21E00E0429C /* inventory.cpp */,
				9678243119F6B21E00E0429C /* io.cpp */,
				9678243319F6B21E00E0429C /* Items.cpp */,
				9678243519F6B21E00E0429C /* joypad_handler.mm */,
				9678243619F6B21E00E0429C /* joypad.mm */,
				9678243719F6B21E00E0429C /* lander.cpp */,
				9678243819F6B21E00E0429C /* monster2.cpp */,
				9678243919F6B21E00E0429C /* my_load_bitmap.cpp */,
				9678243A19F6B21E00E0429C /* mygamecentervc.m */,
				9678243B19F6B21E00E0429C /* Object.cpp */,
				9678243C19F6B21E00E0429C /* pause.cpp */,
				9678243D19F6B21E00E0429C /* Player.cpp */,
				9678243E19F6B21E00E0429C /* redundant.cpp */,
				9678243F19F6B21F00E0429C /* script.cpp */,
				9678244019F6B21F00E0429C /* shooter.cpp */,
				9678244219F6B21F00E0429C /* sound.cpp */,
				9678244319F6B21F00E0429C /* Spells.cpp */,
				9678244519F6B21F00E0429C /* tftp_get.c */,
				9678244619F6B21F00E0429C /* tgui.cpp */,
				9678244719F6B21F00E0429C /* Tile.cpp */,
				9678244819F6B21F00E0429C /* translate.cpp */,
				9678244919F6B21F00E0429C /* util.cpp */,
				9678244A19F6B21F00E0429C /* widgets.cpp */,
				9678244B19F6B21F00E0429C /* xml.cpp */,
				9678241719F6B16D00E0429C /* data */,
				9678241219F6B15300E0429C /* libbass.dylib */,
				9678241319F6B15300E0429C /* libbassflac.dylib */,
				967823DC19F6AD7A00E0429C /* Monster RPG 2 */,
				967823FA19F6AD7A00E0429C /* Monster RPG 2Tests */,
				967823D519F6AD7A00E0429C /* Frameworks */,
				967823D419F6AD7A00E0429C /* Products */,
			);
			sourceTree = "<group>";
		};
		967823D419F6AD7A00E0429C /* Products */ = {
			isa = PBXGroup;
			children = (
				967823D319F6AD7A00E0429C /* Monster RPG 2.app */,
				967823F419F6AD7A00E0429C /* Monster RPG 2Tests.xctest */,
			);
			name = Products;
			sourceTree = "<group>";
		};
		967823D519F6AD7A00E0429C /* Frameworks */ = {
			isa = PBXGroup;
			children = (
				96D291B11A04703D00C3AA96 /* GameKit.framework */,
				967824A819F6B8C800E0429C /* liballegro_dialog-static.a */,
				9678248A19F6B66300E0429C /* liballegro_font-static.a */,
				9678248B19F6B66300E0429C /* liballegro_image-static.a */,
				9678248C19F6B66300E0429C /* liballegro_main-static.a */,
				9678248D19F6B66300E0429C /* liballegro_memfile-static.a */,
				9678248E19F6B66300E0429C /* liballegro_physfs-static.a */,
				9678248F19F6B66300E0429C /* liballegro_primitives-static.a */,
				9678249019F6B66300E0429C /* liballegro_ttf-static.a */,
				9678249119F6B66300E0429C /* liballegro-static.a */,
				9678249219F6B66300E0429C /* libcurl.a */,
				9678249319F6B66300E0429C /* libfreetype.a */,
				9678249419F6B66300E0429C /* liblua5.2.a */,
				9678249519F6B66300E0429C /* libphysfs.a */,
				9678249619F6B66300E0429C /* libz.a */,
				9678247F19F6B33D00E0429C /* AudioToolbox.framework */,
				9678248019F6B33D00E0429C /* IOKit.framework */,
				9678248119F6B33D00E0429C /* OpenGL.framework */,
				9678248219F6B33D00E0429C /* Security.framework */,
				967823D619F6AD7A00E0429C /* Cocoa.framework */,
				967823F519F6AD7A00E0429C /* XCTest.framework */,
				967823D819F6AD7A00E0429C /* Other Frameworks */,
			);
			name = Frameworks;
			sourceTree = "<group>";
		};
		967823D819F6AD7A00E0429C /* Other Frameworks */ = {
			isa = PBXGroup;
			children = (
				967823D919F6AD7A00E0429C /* AppKit.framework */,
				967823DA19F6AD7A00E0429C /* CoreData.framework */,
				967823DB19F6AD7A00E0429C /* Foundation.framework */,
			);
			name = "Other Frameworks";
			sourceTree = "<group>";
		};
		967823DC19F6AD7A00E0429C /* Monster RPG 2 */ = {
			isa = PBXGroup;
			children = (
				9678241019F6AFC700E0429C /* Monster RPG 2.entitlements */,
				967823DD19F6AD7A00E0429C /* Supporting Files */,
			);
			path = "Monster RPG 2";
			sourceTree = "<group>";
		};
		967823DD19F6AD7A00E0429C /* Supporting Files */ = {
			isa = PBXGroup;
			children = (
				967823DE19F6AD7A00E0429C /* Monster RPG 2-Info.plist */,
				967823DF19F6AD7A00E0429C /* InfoPlist.strings */,
				967823E419F6AD7A00E0429C /* Monster RPG 2-Prefix.pch */,
				967823E519F6AD7A00E0429C /* Credits.rtf */,
			);
			name = "Supporting Files";
			sourceTree = "<group>";
		};
		967823FA19F6AD7A00E0429C /* Monster RPG 2Tests */ = {
			isa = PBXGroup;
			children = (
				9678240019F6AD7A00E0429C /* Monster_RPG_2Tests.m */,
				967823FB19F6AD7A00E0429C /* Supporting Files */,
			);
			path = "Monster RPG 2Tests";
			sourceTree = "<group>";
		};
		967823FB19F6AD7A00E0429C /* Supporting Files */ = {
			isa = PBXGroup;
			children = (
				967823FC19F6AD7A00E0429C /* Monster RPG 2Tests-Info.plist */,
				967823FD19F6AD7A00E0429C /* InfoPlist.strings */,
			);
			name = "Supporting Files";
			sourceTree = "<group>";
		};
/* End PBXGroup section */

/* Begin PBXNativeTarget section */
		967823D219F6AD7A00E0429C /* Monster RPG 2 */ = {
			isa = PBXNativeTarget;
			buildConfigurationList = 9678240419F6AD7A00E0429C /* Build configuration list for PBXNativeTarget "Monster RPG 2" */;
			buildPhases = (
				967823CF19F6AD7A00E0429C /* Sources */,
				967823D019F6AD7A00E0429C /* Frameworks */,
				967823D119F6AD7A00E0429C /* Resources */,
				9678241119F6B12400E0429C /* CopyFiles */,
				9678241619F6B15800E0429C /* CopyFiles */,
			);
			buildRules = (
			);
			dependencies = (
			);
			name = "Monster RPG 2";
			productName = "Monster RPG 2";
			productReference = 967823D319F6AD7A00E0429C /* Monster RPG 2.app */;
			productType = "com.apple.product-type.application";
		};
		967823F319F6AD7A00E0429C /* Monster RPG 2Tests */ = {
			isa = PBXNativeTarget;
			buildConfigurationList = 9678240719F6AD7A00E0429C /* Build configuration list for PBXNativeTarget "Monster RPG 2Tests" */;
			buildPhases = (
				967823F019F6AD7A00E0429C /* Sources */,
				967823F119F6AD7A00E0429C /* Frameworks */,
				967823F219F6AD7A00E0429C /* Resources */,
			);
			buildRules = (
			);
			dependencies = (
				967823F919F6AD7A00E0429C /* PBXTargetDependency */,
			);
			name = "Monster RPG 2Tests";
			productName = "Monster RPG 2Tests";
			productReference = 967823F419F6AD7A00E0429C /* Monster RPG 2Tests.xctest */;
			productType = "com.apple.product-type.bundle.unit-test";
		};
/* End PBXNativeTarget section */

/* Begin PBXProject section */
		967823CB19F6AD7A00E0429C /* Project object */ = {
			isa = PBXProject;
			attributes = {
				LastUpgradeCheck = 0510;
				ORGANIZATIONNAME = Nooskewl;
				TargetAttributes = {
					967823D219F6AD7A00E0429C = {
						DevelopmentTeam = ZCLK6CUZ99;
						SystemCapabilities = {
							com.apple.GameCenter = {
								enabled = 1;
							};
							com.apple.Sandbox = {
								enabled = 1;
							};
						};
					};
					967823F319F6AD7A00E0429C = {
						TestTargetID = 967823D219F6AD7A00E0429C;
					};
				};
			};
			buildConfigurationList = 967823CE19F6AD7A00E0429C /* Build configuration list for PBXProject "Monster RPG 2" */;
			compatibilityVersion = "Xcode 3.2";
			developmentRegion = English;
			hasScannedForEncodings = 0;
			knownRegions = (
				en,
				Base,
			);
			mainGroup = 967823CA19F6AD7900E0429C;
			productRefGroup = 967823D419F6AD7A00E0429C /* Products */;
			projectDirPath = "";
			projectRoot = "";
			targets = (
				967823D219F6AD7A00E0429C /* Monster RPG 2 */,
				967823F319F6AD7A00E0429C /* Monster RPG 2Tests */,
			);
		};
/* End PBXProject section */

/* Begin PBXResourcesBuildPhase section */
		967823D119F6AD7A00E0429C /* Resources */ = {
			isa = PBXResourcesBuildPhase;
			buildActionMask = 2147483647;
			files = (
				967823E119F6AD7A00E0429C /* InfoPlist.strings in Resources */,
				967823E719F6AD7A00E0429C /* Credits.rtf in Resources */,
				9675393319F6DA22001B02D9 /* icon.icns in Resources */,
			);
			runOnlyForDeploymentPostprocessing = 0;
		};
		967823F219F6AD7A00E0429C /* Resources */ = {
			isa = PBXResourcesBuildPhase;
			buildActionMask = 2147483647;
			files = (
				967823FF19F6AD7A00E0429C /* InfoPlist.strings in Resources */,
			);
			runOnlyForDeploymentPostprocessing = 0;
		};
/* End PBXResourcesBuildPhase section */

/* Begin PBXSourcesBuildPhase section */
		967823CF19F6AD7A00E0429C /* Sources */ = {
			isa = PBXSourcesBuildPhase;
			buildActionMask = 2147483647;
			files = (
				9678246C19F6B21F00E0429C /* my_load_bitmap.cpp in Sources */,
				9678247519F6B21F00E0429C /* sound.cpp in Sources */,
				9678246919F6B21F00E0429C /* joypad.mm in Sources */,
				9678245E19F6B21F00E0429C /* GenericEffect.cpp in Sources */,
				9678245D19F6B21F00E0429C /* gamecenter.mm in Sources */,
				9678245219F6B21F00E0429C /* battle.cpp in Sources */,
				9678245A19F6B21F00E0429C /* equipment.cpp in Sources */,
				9678245C19F6B21F00E0429C /* ftpget.cpp in Sources */,
				9678245819F6B21F00E0429C /* Configuration.cpp in Sources */,
				9678246619F6B21F00E0429C /* Items.cpp in Sources */,
				9678245319F6B21F00E0429C /* CombatActions.cpp in Sources */,
				9678247919F6B21F00E0429C /* tgui.cpp in Sources */,
				9678246819F6B21F00E0429C /* joypad_handler.mm in Sources */,
				9678245619F6B21F00E0429C /* CombatEntity.cpp in Sources */,
				9678245B19F6B21F00E0429C /* Frame.cpp in Sources */,
				9678247E19F6B21F00E0429C /* xml.cpp in Sources */,
				9678247819F6B21F00E0429C /* tftp_get.c in Sources */,
				9678244E19F6B21F00E0429C /* AnimationSet.cpp in Sources */,
				9678245119F6B21F00E0429C /* atlas.cpp in Sources */,
				9678246E19F6B21F00E0429C /* Object.cpp in Sources */,
				9678247D19F6B21F00E0429C /* widgets.cpp in Sources */,
				9678247A19F6B21F00E0429C /* Tile.cpp in Sources */,
				9678245019F6B21F00E0429C /* atlas_accessor.cpp in Sources */,
				9678244D19F6B21F00E0429C /* Animation.cpp in Sources */,
				9678246A19F6B21F00E0429C /* lander.cpp in Sources */,
				9678244F19F6B21F00E0429C /* Area.cpp in Sources */,
				9678246419F6B21F00E0429C /* io.cpp in Sources */,
				9678247319F6B21F00E0429C /* shooter.cpp in Sources */,
				9678245F19F6B21F00E0429C /* graphics.cpp in Sources */,
				967824A719F6B75800E0429C /* init.mm in Sources */,
				9678246B19F6B21F00E0429C /* monster2.cpp in Sources */,
				9678245719F6B21F00E0429C /* CombatPlayer.cpp in Sources */,
				9678244C19F6B21F00E0429C /* 3d.cpp in Sources */,
				9678245519F6B21F00E0429C /* CombatEnemy.cpp in Sources */,
				9678246019F6B21F00E0429C /* Image.cpp in Sources */,
				9678246319F6B21F00E0429C /* inventory.cpp in Sources */,
				9678247019F6B21F00E0429C /* Player.cpp in Sources */,
				9678245419F6B21F00E0429C /* Combatant.cpp in Sources */,
				9678246F19F6B21F00E0429C /* pause.cpp in Sources */,
				9678247619F6B21F00E0429C /* Spells.cpp in Sources */,
				9678246D19F6B21F00E0429C /* mygamecentervc.m in Sources */,
				9678246219F6B21F00E0429C /* Input.cpp in Sources */,
				9678247C19F6B21F00E0429C /* util.cpp in Sources */,
				9678247B19F6B21F00E0429C /* translate.cpp in Sources */,
				9678247219F6B21F00E0429C /* script.cpp in Sources */,
				9678245919F6B21F00E0429C /* debug.cpp in Sources */,
				9678247119F6B21F00E0429C /* redundant.cpp in Sources */,
			);
			runOnlyForDeploymentPostprocessing = 0;
		};
		967823F019F6AD7A00E0429C /* Sources */ = {
			isa = PBXSourcesBuildPhase;
			buildActionMask = 2147483647;
			files = (
				9678240119F6AD7A00E0429C /* Monster_RPG_2Tests.m in Sources */,
			);
			runOnlyForDeploymentPostprocessing = 0;
		};
/* End PBXSourcesBuildPhase section */

/* Begin PBXTargetDependency section */
		967823F919F6AD7A00E0429C /* PBXTargetDependency */ = {
			isa = PBXTargetDependency;
			target = 967823D219F6AD7A00E0429C /* Monster RPG 2 */;
			targetProxy = 967823F819F6AD7A00E0429C /* PBXContainerItemProxy */;
		};
/* End PBXTargetDependency section */

/* Begin PBXVariantGroup section */
		967823DF19F6AD7A00E0429C /* InfoPlist.strings */ = {
			isa = PBXVariantGroup;
			children = (
				967823E019F6AD7A00E0429C /* en */,
			);
			name = InfoPlist.strings;
			sourceTree = "<group>";
		};
		967823E519F6AD7A00E0429C /* Credits.rtf */ = {
			isa = PBXVariantGroup;
			children = (
				967823E619F6AD7A00E0429C /* en */,
			);
			name = Credits.rtf;
			sourceTree = "<group>";
		};
		967823FD19F6AD7A00E0429C /* InfoPlist.strings */ = {
			isa = PBXVariantGroup;
			children = (
				967823FE19F6AD7A00E0429C /* en */,
			);
			name = InfoPlist.strings;
			sourceTree = "<group>";
		};
/* End PBXVariantGroup section */

/* Begin XCBuildConfiguration section */
		9678240219F6AD7A00E0429C /* Debug */ = {
			isa = XCBuildConfiguration;
			buildSettings = {
				ALWAYS_SEARCH_USER_PATHS = NO;
				CLANG_CXX_LANGUAGE_STANDARD = "gnu++0x";
				CLANG_CXX_LIBRARY = "libc++";
				CLANG_ENABLE_MODULES = YES;
				CLANG_ENABLE_OBJC_ARC = YES;
				CLANG_WARN_BOOL_CONVERSION = YES;
				CLANG_WARN_CONSTANT_CONVERSION = YES;
				CLANG_WARN_DIRECT_OBJC_ISA_USAGE = YES_ERROR;
				CLANG_WARN_EMPTY_BODY = YES;
				CLANG_WARN_ENUM_CONVERSION = YES;
				CLANG_WARN_INT_CONVERSION = YES;
				CLANG_WARN_OBJC_ROOT_CLASS = YES_ERROR;
				CLANG_WARN__DUPLICATE_METHOD_MATCH = YES;
				COPY_PHASE_STRIP = NO;
				GCC_C_LANGUAGE_STANDARD = gnu99;
				GCC_DYNAMIC_NO_PIC = NO;
				GCC_ENABLE_OBJC_EXCEPTIONS = YES;
				GCC_OPTIMIZATION_LEVEL = 0;
				GCC_PREPROCESSOR_DEFINITIONS = (
					"DEBUG=1",
					"$(inherited)",
				);
				GCC_SYMBOLS_PRIVATE_EXTERN = NO;
				GCC_WARN_64_TO_32_BIT_CONVERSION = YES;
				GCC_WARN_ABOUT_RETURN_TYPE = YES_ERROR;
				GCC_WARN_UNDECLARED_SELECTOR = YES;
				GCC_WARN_UNINITIALIZED_AUTOS = YES_AGGRESSIVE;
				GCC_WARN_UNUSED_FUNCTION = YES;
				GCC_WARN_UNUSED_VARIABLE = YES;
				MACOSX_DEPLOYMENT_TARGET = 10.10;
				ONLY_ACTIVE_ARCH = YES;
				SDKROOT = macosx;
			};
			name = Debug;
		};
		9678240319F6AD7A00E0429C /* Release */ = {
			isa = XCBuildConfiguration;
			buildSettings = {
				ALWAYS_SEARCH_USER_PATHS = NO;
				CLANG_CXX_LANGUAGE_STANDARD = "gnu++0x";
				CLANG_CXX_LIBRARY = "libc++";
				CLANG_ENABLE_MODULES = YES;
				CLANG_ENABLE_OBJC_ARC = YES;
				CLANG_WARN_BOOL_CONVERSION = YES;
				CLANG_WARN_CONSTANT_CONVERSION = YES;
				CLANG_WARN_DIRECT_OBJC_ISA_USAGE = YES_ERROR;
				CLANG_WARN_EMPTY_BODY = YES;
				CLANG_WARN_ENUM_CONVERSION = YES;
				CLANG_WARN_INT_CONVERSION = YES;
				CLANG_WARN_OBJC_ROOT_CLASS = YES_ERROR;
				CLANG_WARN__DUPLICATE_METHOD_MATCH = YES;
				COPY_PHASE_STRIP = YES;
				DEBUG_INFORMATION_FORMAT = "dwarf-with-dsym";
				ENABLE_NS_ASSERTIONS = NO;
				GCC_C_LANGUAGE_STANDARD = gnu99;
				GCC_ENABLE_OBJC_EXCEPTIONS = YES;
				GCC_WARN_64_TO_32_BIT_CONVERSION = YES;
				GCC_WARN_ABOUT_RETURN_TYPE = YES_ERROR;
				GCC_WARN_UNDECLARED_SELECTOR = YES;
				GCC_WARN_UNINITIALIZED_AUTOS = YES_AGGRESSIVE;
				GCC_WARN_UNUSED_FUNCTION = YES;
				GCC_WARN_UNUSED_VARIABLE = YES;
				MACOSX_DEPLOYMENT_TARGET = 10.10;
				SDKROOT = macosx;
			};
			name = Release;
		};
		9678240519F6AD7A00E0429C /* Debug */ = {
			isa = XCBuildConfiguration;
			buildSettings = {
				ARCHS = "$(ARCHS_STANDARD_64_BIT)";
				CLANG_ENABLE_OBJC_ARC = NO;
				CODE_SIGN_ENTITLEMENTS = "Monster RPG 2/Monster RPG 2.entitlements";
				CODE_SIGN_IDENTITY = "3rd Party Mac Developer Application: Nooskewl (ZCLK6CUZ99)";
				"CODE_SIGN_IDENTITY[sdk=macosx*]" = "3rd Party Mac Developer Application: Nooskewl (ZCLK6CUZ99)";
				COMBINE_HIDPI_IMAGES = YES;
				GCC_PRECOMPILE_PREFIX_HEADER = YES;
				GCC_PREFIX_HEADER = "Monster RPG 2/Monster RPG 2-Prefix.pch";
				GCC_PREPROCESSOR_DEFINITIONS = (
					"NO_JOYPAD=1",
					"A5_OGL=1",
				);
				HEADER_SEARCH_PATHS = (
					"$(inherited)",
					/Applications/Xcode.app/Contents/Developer/Toolchains/XcodeDefault.xctoolchain/usr/include,
					"/Users/trent/code/monster-rpg-2/include",
					/Users/trent/code/local/include,
				);
				INFOPLIST_FILE = "Monster RPG 2/Monster RPG 2-Info.plist";
				LIBRARY_SEARCH_PATHS = (
					"$(inherited)",
					/Users/trent/code/local/lib,
				);
				MACOSX_DEPLOYMENT_TARGET = 10.7;
				OTHER_CFLAGS = "-mmacosx-version-min=10.7";
				PRODUCT_NAME = "$(TARGET_NAME)";
				PROVISIONING_PROFILE = "ca37837b-8e0d-49ec-9a79-7177a88c6127";
				SDKROOT = macosx10.8;
				VALID_ARCHS = x86_64;
				WRAPPER_EXTENSION = app;
			};
			name = Debug;
		};
		9678240619F6AD7A00E0429C /* Release */ = {
			isa = XCBuildConfiguration;
			buildSettings = {
				ARCHS = "$(ARCHS_STANDARD_64_BIT)";
				CLANG_ENABLE_OBJC_ARC = NO;
				CODE_SIGN_ENTITLEMENTS = "Monster RPG 2/Monster RPG 2.entitlements";
				CODE_SIGN_IDENTITY = "3rd Party Mac Developer Application: Nooskewl (ZCLK6CUZ99)";
				"CODE_SIGN_IDENTITY[sdk=macosx*]" = "3rd Party Mac Developer Application: Nooskewl (ZCLK6CUZ99)";
				COMBINE_HIDPI_IMAGES = YES;
				GCC_PRECOMPILE_PREFIX_HEADER = YES;
				GCC_PREFIX_HEADER = "Monster RPG 2/Monster RPG 2-Prefix.pch";
				GCC_PREPROCESSOR_DEFINITIONS = (
					"NO_JOYPAD=1",
					"A5_OGL=1",
				);
				HEADER_SEARCH_PATHS = (
					"$(inherited)",
					/Applications/Xcode.app/Contents/Developer/Toolchains/XcodeDefault.xctoolchain/usr/include,
					"/Users/trent/code/monster-rpg-2/include",
					/Users/trent/code/local/include,
				);
				INFOPLIST_FILE = "Monster RPG 2/Monster RPG 2-Info.plist";
				LIBRARY_SEARCH_PATHS = (
					"$(inherited)",
					/Users/trent/code/local/lib,
				);
				MACOSX_DEPLOYMENT_TARGET = 10.7;
				OTHER_CFLAGS = "-mmacosx-version-min=10.7";
				PRODUCT_NAME = "$(TARGET_NAME)";
				PROVISIONING_PROFILE = "ca37837b-8e0d-49ec-9a79-7177a88c6127";
				SDKROOT = macosx10.8;
				VALID_ARCHS = x86_64;
				WRAPPER_EXTENSION = app;
			};
			name = Release;
		};
		9678240819F6AD7A00E0429C /* Debug */ = {
			isa = XCBuildConfiguration;
			buildSettings = {
				BUNDLE_LOADER = "$(BUILT_PRODUCTS_DIR)/Monster RPG 2.app/Contents/MacOS/Monster RPG 2";
				COMBINE_HIDPI_IMAGES = YES;
				FRAMEWORK_SEARCH_PATHS = (
					"$(DEVELOPER_FRAMEWORKS_DIR)",
					"$(inherited)",
				);
				GCC_PRECOMPILE_PREFIX_HEADER = YES;
				GCC_PREFIX_HEADER = "Monster RPG 2/Monster RPG 2-Prefix.pch";
				GCC_PREPROCESSOR_DEFINITIONS = (
					"DEBUG=1",
					"$(inherited)",
				);
				INFOPLIST_FILE = "Monster RPG 2Tests/Monster RPG 2Tests-Info.plist";
				PRODUCT_NAME = "$(TARGET_NAME)";
				TEST_HOST = "$(BUNDLE_LOADER)";
				WRAPPER_EXTENSION = xctest;
			};
			name = Debug;
		};
		9678240919F6AD7A00E0429C /* Release */ = {
			isa = XCBuildConfiguration;
			buildSettings = {
				BUNDLE_LOADER = "$(BUILT_PRODUCTS_DIR)/Monster RPG 2.app/Contents/MacOS/Monster RPG 2";
				COMBINE_HIDPI_IMAGES = YES;
				FRAMEWORK_SEARCH_PATHS = (
					"$(DEVELOPER_FRAMEWORKS_DIR)",
					"$(inherited)",
				);
				GCC_PRECOMPILE_PREFIX_HEADER = YES;
				GCC_PREFIX_HEADER = "Monster RPG 2/Monster RPG 2-Prefix.pch";
				INFOPLIST_FILE = "Monster RPG 2Tests/Monster RPG 2Tests-Info.plist";
				PRODUCT_NAME = "$(TARGET_NAME)";
				TEST_HOST = "$(BUNDLE_LOADER)";
				WRAPPER_EXTENSION = xctest;
			};
			name = Release;
		};
/* End XCBuildConfiguration section */

/* Begin XCConfigurationList section */
		967823CE19F6AD7A00E0429C /* Build configuration list for PBXProject "Monster RPG 2" */ = {
			isa = XCConfigurationList;
			buildConfigurations = (
				9678240219F6AD7A00E0429C /* Debug */,
				9678240319F6AD7A00E0429C /* Release */,
			);
			defaultConfigurationIsVisible = 0;
			defaultConfigurationName = Release;
		};
		9678240419F6AD7A00E0429C /* Build configuration list for PBXNativeTarget "Monster RPG 2" */ = {
			isa = XCConfigurationList;
			buildConfigurations = (
				9678240519F6AD7A00E0429C /* Debug */,
				9678240619F6AD7A00E0429C /* Release */,
			);
			defaultConfigurationIsVisible = 0;
			defaultConfigurationName = Release;
		};
		9678240719F6AD7A00E0429C /* Build configuration list for PBXNativeTarget "Monster RPG 2Tests" */ = {
			isa = XCConfigurationList;
			buildConfigurations = (
				9678240819F6AD7A00E0429C /* Debug */,
				9678240919F6AD7A00E0429C /* Release */,
			);
			defaultConfigurationIsVisible = 0;
			defaultConfigurationName = Release;
		};
/* End XCConfigurationList section */
	};
	rootObject = 967823CB19F6AD7A00E0429C /* Project object */;
}
