// !$*UTF8*$!
{
	archiveVersion = 1;
	classes = {
	};
	objectVersion = 46;
	objects = {

/* Begin PBXBuildFile section */
		9660CE3F1A6369970064D34F /* Images.xcassets in Resources */ = {isa = PBXBuildFile; fileRef = 9660CE3E1A6369970064D34F /* Images.xcassets */; };
		9660CE5A1A636BF40064D34F /* GameKit.framework in Frameworks */ = {isa = PBXBuildFile; fileRef = 9660CE591A636BF40064D34F /* GameKit.framework */; settings = {ATTRIBUTES = (Weak, ); }; };
		9660CE8A1A636CC80064D34F /* 3d.cpp in Sources */ = {isa = PBXBuildFile; fileRef = 9660CE5B1A636CC80064D34F /* 3d.cpp */; };
		9660CE8B1A636CC80064D34F /* Animation.cpp in Sources */ = {isa = PBXBuildFile; fileRef = 9660CE5C1A636CC80064D34F /* Animation.cpp */; };
		9660CE8C1A636CC80064D34F /* AnimationSet.cpp in Sources */ = {isa = PBXBuildFile; fileRef = 9660CE5D1A636CC80064D34F /* AnimationSet.cpp */; };
		9660CE8D1A636CC80064D34F /* Area.cpp in Sources */ = {isa = PBXBuildFile; fileRef = 9660CE5E1A636CC80064D34F /* Area.cpp */; };
		9660CE8E1A636CC80064D34F /* atlas_accessor.cpp in Sources */ = {isa = PBXBuildFile; fileRef = 9660CE5F1A636CC80064D34F /* atlas_accessor.cpp */; };
		9660CE8F1A636CC80064D34F /* atlas.cpp in Sources */ = {isa = PBXBuildFile; fileRef = 9660CE601A636CC80064D34F /* atlas.cpp */; };
		9660CE901A636CC80064D34F /* battle.cpp in Sources */ = {isa = PBXBuildFile; fileRef = 9660CE611A636CC80064D34F /* battle.cpp */; };
		9660CE911A636CC80064D34F /* CombatActions.cpp in Sources */ = {isa = PBXBuildFile; fileRef = 9660CE621A636CC80064D34F /* CombatActions.cpp */; };
		9660CE921A636CC80064D34F /* Combatant.cpp in Sources */ = {isa = PBXBuildFile; fileRef = 9660CE631A636CC80064D34F /* Combatant.cpp */; };
		9660CE931A636CC80064D34F /* CombatEnemy.cpp in Sources */ = {isa = PBXBuildFile; fileRef = 9660CE641A636CC80064D34F /* CombatEnemy.cpp */; };
		9660CE941A636CC80064D34F /* CombatEntity.cpp in Sources */ = {isa = PBXBuildFile; fileRef = 9660CE651A636CC80064D34F /* CombatEntity.cpp */; };
		9660CE951A636CC80064D34F /* CombatPlayer.cpp in Sources */ = {isa = PBXBuildFile; fileRef = 9660CE661A636CC80064D34F /* CombatPlayer.cpp */; };
		9660CE961A636CC80064D34F /* Configuration.cpp in Sources */ = {isa = PBXBuildFile; fileRef = 9660CE671A636CC80064D34F /* Configuration.cpp */; };
		9660CE971A636CC80064D34F /* debug.cpp in Sources */ = {isa = PBXBuildFile; fileRef = 9660CE681A636CC80064D34F /* debug.cpp */; };
		9660CE981A636CC80064D34F /* equipment.cpp in Sources */ = {isa = PBXBuildFile; fileRef = 9660CE691A636CC80064D34F /* equipment.cpp */; };
		9660CE991A636CC80064D34F /* Frame.cpp in Sources */ = {isa = PBXBuildFile; fileRef = 9660CE6A1A636CC80064D34F /* Frame.cpp */; };
		9660CE9A1A636CC80064D34F /* gamecenter.mm in Sources */ = {isa = PBXBuildFile; fileRef = 9660CE6B1A636CC80064D34F /* gamecenter.mm */; };
		9660CE9B1A636CC80064D34F /* GenericEffect.cpp in Sources */ = {isa = PBXBuildFile; fileRef = 9660CE6C1A636CC80064D34F /* GenericEffect.cpp */; };
		9660CE9C1A636CC80064D34F /* graphics.cpp in Sources */ = {isa = PBXBuildFile; fileRef = 9660CE6D1A636CC80064D34F /* graphics.cpp */; };
		9660CE9D1A636CC80064D34F /* Image.cpp in Sources */ = {isa = PBXBuildFile; fileRef = 9660CE6E1A636CC80064D34F /* Image.cpp */; };
		9660CE9E1A636CC80064D34F /* init.mm in Sources */ = {isa = PBXBuildFile; fileRef = 9660CE6F1A636CC80064D34F /* init.mm */; };
		9660CE9F1A636CC80064D34F /* Input.cpp in Sources */ = {isa = PBXBuildFile; fileRef = 9660CE701A636CC80064D34F /* Input.cpp */; };
		9660CEA01A636CC80064D34F /* inventory.cpp in Sources */ = {isa = PBXBuildFile; fileRef = 9660CE711A636CC80064D34F /* inventory.cpp */; };
		9660CEA11A636CC80064D34F /* io.cpp in Sources */ = {isa = PBXBuildFile; fileRef = 9660CE721A636CC80064D34F /* io.cpp */; };
		9660CEA21A636CC80064D34F /* iphone.mm in Sources */ = {isa = PBXBuildFile; fileRef = 9660CE731A636CC80064D34F /* iphone.mm */; };
		9660CEA31A636CC80064D34F /* Items.cpp in Sources */ = {isa = PBXBuildFile; fileRef = 9660CE741A636CC80064D34F /* Items.cpp */; };
		9660CEA41A636CC80064D34F /* lander.cpp in Sources */ = {isa = PBXBuildFile; fileRef = 9660CE751A636CC80064D34F /* lander.cpp */; };
		9660CEA51A636CC80064D34F /* monster2.cpp in Sources */ = {isa = PBXBuildFile; fileRef = 9660CE761A636CC80064D34F /* monster2.cpp */; };
		9660CEA61A636CC80064D34F /* my_load_bitmap.cpp in Sources */ = {isa = PBXBuildFile; fileRef = 9660CE771A636CC80064D34F /* my_load_bitmap.cpp */; };
		9660CEA71A636CC80064D34F /* mygamecentervc.m in Sources */ = {isa = PBXBuildFile; fileRef = 9660CE781A636CC80064D34F /* mygamecentervc.m */; };
		9660CEA81A636CC80064D34F /* Object.cpp in Sources */ = {isa = PBXBuildFile; fileRef = 9660CE791A636CC80064D34F /* Object.cpp */; };
		9660CEA91A636CC80064D34F /* pause.cpp in Sources */ = {isa = PBXBuildFile; fileRef = 9660CE7A1A636CC80064D34F /* pause.cpp */; };
		9660CEAA1A636CC80064D34F /* Player.cpp in Sources */ = {isa = PBXBuildFile; fileRef = 9660CE7B1A636CC80064D34F /* Player.cpp */; };
		9660CEAB1A636CC80064D34F /* redundant.cpp in Sources */ = {isa = PBXBuildFile; fileRef = 9660CE7C1A636CC80064D34F /* redundant.cpp */; };
		9660CEAC1A636CC80064D34F /* script.cpp in Sources */ = {isa = PBXBuildFile; fileRef = 9660CE7D1A636CC80064D34F /* script.cpp */; };
		9660CEAD1A636CC80064D34F /* shooter.cpp in Sources */ = {isa = PBXBuildFile; fileRef = 9660CE7E1A636CC80064D34F /* shooter.cpp */; };
		9660CEB01A636CC80064D34F /* sound.cpp in Sources */ = {isa = PBXBuildFile; fileRef = 9660CE811A636CC80064D34F /* sound.cpp */; };
		9660CEB11A636CC80064D34F /* Spells.cpp in Sources */ = {isa = PBXBuildFile; fileRef = 9660CE821A636CC80064D34F /* Spells.cpp */; };
		9660CEB31A636CC80064D34F /* tgui.cpp in Sources */ = {isa = PBXBuildFile; fileRef = 9660CE841A636CC80064D34F /* tgui.cpp */; };
		9660CEB41A636CC80064D34F /* Tile.cpp in Sources */ = {isa = PBXBuildFile; fileRef = 9660CE851A636CC80064D34F /* Tile.cpp */; };
		9660CEB51A636CC80064D34F /* translate.cpp in Sources */ = {isa = PBXBuildFile; fileRef = 9660CE861A636CC80064D34F /* translate.cpp */; };
		9660CEB61A636CC80064D34F /* util.cpp in Sources */ = {isa = PBXBuildFile; fileRef = 9660CE871A636CC80064D34F /* util.cpp */; };
		9660CEB71A636CC80064D34F /* widgets.cpp in Sources */ = {isa = PBXBuildFile; fileRef = 9660CE881A636CC80064D34F /* widgets.cpp */; };
		9660CEB81A636CC80064D34F /* xml.cpp in Sources */ = {isa = PBXBuildFile; fileRef = 9660CE891A636CC80064D34F /* xml.cpp */; };
		9660CEBF1A6374610064D34F /* libbass.a in Frameworks */ = {isa = PBXBuildFile; fileRef = 9660CEBA1A6374610064D34F /* libbass.a */; };
		9660CEC01A6374610064D34F /* libfreetype.a in Frameworks */ = {isa = PBXBuildFile; fileRef = 9660CEBB1A6374610064D34F /* libfreetype.a */; };
		9660CEC11A6374610064D34F /* liblua.a in Frameworks */ = {isa = PBXBuildFile; fileRef = 9660CEBC1A6374610064D34F /* liblua.a */; };
		9660CEC21A6374610064D34F /* libphysfs.a in Frameworks */ = {isa = PBXBuildFile; fileRef = 9660CEBD1A6374610064D34F /* libphysfs.a */; };
		9660CEC51A6375F70064D34F /* AudioToolbox.framework in Frameworks */ = {isa = PBXBuildFile; fileRef = 9660CEC31A6375F70064D34F /* AudioToolbox.framework */; };
		9660CEC61A6375F70064D34F /* libz.dylib in Frameworks */ = {isa = PBXBuildFile; fileRef = 9660CEC41A6375F70064D34F /* libz.dylib */; };
		9660CEC81A6376640064D34F /* AVFoundation.framework in Frameworks */ = {isa = PBXBuildFile; fileRef = 9660CEC71A6376640064D34F /* AVFoundation.framework */; };
		969874D81A6377A200E0FD12 /* Accelerate.framework in Frameworks */ = {isa = PBXBuildFile; fileRef = 9660CECD1A6377260064D34F /* Accelerate.framework */; };
		969874DA1A63789700E0FD12 /* MobileCoreServices.framework in Frameworks */ = {isa = PBXBuildFile; fileRef = 969874D91A63789700E0FD12 /* MobileCoreServices.framework */; };
		96D35D151B398B12000B18FD /* data.zip in Resources */ = {isa = PBXBuildFile; fileRef = 969874DB1A637B2000E0FD12 /* data.zip */; };
		96D35D171B398EE2000B18FD /* libAllegro5_iOS.a in Frameworks */ = {isa = PBXBuildFile; fileRef = 96D35D161B398EE2000B18FD /* libAllegro5_iOS.a */; };
/* End PBXBuildFile section */

/* Begin PBXFileReference section */
		9660CE2A1A6369970064D34F /* Monster RPG 2.app */ = {isa = PBXFileReference; explicitFileType = wrapper.application; includeInIndex = 0; path = "Monster RPG 2.app"; sourceTree = BUILT_PRODUCTS_DIR; };
		9660CE2E1A6369970064D34F /* Info.plist */ = {isa = PBXFileReference; lastKnownFileType = text.plist.xml; path = Info.plist; sourceTree = "<group>"; };
		9660CE3E1A6369970064D34F /* Images.xcassets */ = {isa = PBXFileReference; lastKnownFileType = folder.assetcatalog; path = Images.xcassets; sourceTree = "<group>"; };
		9660CE591A636BF40064D34F /* GameKit.framework */ = {isa = PBXFileReference; lastKnownFileType = wrapper.framework; name = GameKit.framework; path = System/Library/Frameworks/GameKit.framework; sourceTree = SDKROOT; };
		9660CE5B1A636CC80064D34F /* 3d.cpp */ = {isa = PBXFileReference; fileEncoding = 4; lastKnownFileType = sourcecode.cpp.cpp; name = 3d.cpp; path = ../src/3d.cpp; sourceTree = "<group>"; };
		9660CE5C1A636CC80064D34F /* Animation.cpp */ = {isa = PBXFileReference; fileEncoding = 4; lastKnownFileType = sourcecode.cpp.cpp; name = Animation.cpp; path = ../src/Animation.cpp; sourceTree = "<group>"; };
		9660CE5D1A636CC80064D34F /* AnimationSet.cpp */ = {isa = PBXFileReference; fileEncoding = 4; lastKnownFileType = sourcecode.cpp.cpp; name = AnimationSet.cpp; path = ../src/AnimationSet.cpp; sourceTree = "<group>"; };
		9660CE5E1A636CC80064D34F /* Area.cpp */ = {isa = PBXFileReference; explicitFileType = sourcecode.cpp.objcpp; fileEncoding = 4; name = Area.cpp; path = ../src/Area.cpp; sourceTree = "<group>"; };
		9660CE5F1A636CC80064D34F /* atlas_accessor.cpp */ = {isa = PBXFileReference; fileEncoding = 4; lastKnownFileType = sourcecode.cpp.cpp; name = atlas_accessor.cpp; path = ../src/atlas_accessor.cpp; sourceTree = "<group>"; };
		9660CE601A636CC80064D34F /* atlas.cpp */ = {isa = PBXFileReference; fileEncoding = 4; lastKnownFileType = sourcecode.cpp.cpp; name = atlas.cpp; path = ../src/atlas.cpp; sourceTree = "<group>"; };
		9660CE611A636CC80064D34F /* battle.cpp */ = {isa = PBXFileReference; fileEncoding = 4; lastKnownFileType = sourcecode.cpp.cpp; name = battle.cpp; path = ../src/battle.cpp; sourceTree = "<group>"; };
		9660CE621A636CC80064D34F /* CombatActions.cpp */ = {isa = PBXFileReference; fileEncoding = 4; lastKnownFileType = sourcecode.cpp.cpp; name = CombatActions.cpp; path = ../src/CombatActions.cpp; sourceTree = "<group>"; };
		9660CE631A636CC80064D34F /* Combatant.cpp */ = {isa = PBXFileReference; fileEncoding = 4; lastKnownFileType = sourcecode.cpp.cpp; name = Combatant.cpp; path = ../src/Combatant.cpp; sourceTree = "<group>"; };
		9660CE641A636CC80064D34F /* CombatEnemy.cpp */ = {isa = PBXFileReference; fileEncoding = 4; lastKnownFileType = sourcecode.cpp.cpp; name = CombatEnemy.cpp; path = ../src/CombatEnemy.cpp; sourceTree = "<group>"; };
		9660CE651A636CC80064D34F /* CombatEntity.cpp */ = {isa = PBXFileReference; fileEncoding = 4; lastKnownFileType = sourcecode.cpp.cpp; name = CombatEntity.cpp; path = ../src/CombatEntity.cpp; sourceTree = "<group>"; };
		9660CE661A636CC80064D34F /* CombatPlayer.cpp */ = {isa = PBXFileReference; fileEncoding = 4; lastKnownFileType = sourcecode.cpp.cpp; name = CombatPlayer.cpp; path = ../src/CombatPlayer.cpp; sourceTree = "<group>"; };
		9660CE671A636CC80064D34F /* Configuration.cpp */ = {isa = PBXFileReference; fileEncoding = 4; lastKnownFileType = sourcecode.cpp.cpp; name = Configuration.cpp; path = ../src/Configuration.cpp; sourceTree = "<group>"; };
		9660CE681A636CC80064D34F /* debug.cpp */ = {isa = PBXFileReference; fileEncoding = 4; lastKnownFileType = sourcecode.cpp.cpp; name = debug.cpp; path = ../src/debug.cpp; sourceTree = "<group>"; };
		9660CE691A636CC80064D34F /* equipment.cpp */ = {isa = PBXFileReference; fileEncoding = 4; lastKnownFileType = sourcecode.cpp.cpp; name = equipment.cpp; path = ../src/equipment.cpp; sourceTree = "<group>"; };
		9660CE6A1A636CC80064D34F /* Frame.cpp */ = {isa = PBXFileReference; fileEncoding = 4; lastKnownFileType = sourcecode.cpp.cpp; name = Frame.cpp; path = ../src/Frame.cpp; sourceTree = "<group>"; };
		9660CE6B1A636CC80064D34F /* gamecenter.mm */ = {isa = PBXFileReference; fileEncoding = 4; lastKnownFileType = sourcecode.cpp.objcpp; name = gamecenter.mm; path = ../src/gamecenter.mm; sourceTree = "<group>"; };
		9660CE6C1A636CC80064D34F /* GenericEffect.cpp */ = {isa = PBXFileReference; fileEncoding = 4; lastKnownFileType = sourcecode.cpp.cpp; name = GenericEffect.cpp; path = ../src/GenericEffect.cpp; sourceTree = "<group>"; };
		9660CE6D1A636CC80064D34F /* graphics.cpp */ = {isa = PBXFileReference; fileEncoding = 4; lastKnownFileType = sourcecode.cpp.cpp; name = graphics.cpp; path = ../src/graphics.cpp; sourceTree = "<group>"; };
		9660CE6E1A636CC80064D34F /* Image.cpp */ = {isa = PBXFileReference; fileEncoding = 4; lastKnownFileType = sourcecode.cpp.cpp; name = Image.cpp; path = ../src/Image.cpp; sourceTree = "<group>"; };
		9660CE6F1A636CC80064D34F /* init.mm */ = {isa = PBXFileReference; fileEncoding = 4; lastKnownFileType = sourcecode.cpp.objcpp; name = init.mm; path = ../src/init.mm; sourceTree = "<group>"; };
		9660CE701A636CC80064D34F /* Input.cpp */ = {isa = PBXFileReference; fileEncoding = 4; lastKnownFileType = sourcecode.cpp.cpp; name = Input.cpp; path = ../src/Input.cpp; sourceTree = "<group>"; };
		9660CE711A636CC80064D34F /* inventory.cpp */ = {isa = PBXFileReference; fileEncoding = 4; lastKnownFileType = sourcecode.cpp.cpp; name = inventory.cpp; path = ../src/inventory.cpp; sourceTree = "<group>"; };
		9660CE721A636CC80064D34F /* io.cpp */ = {isa = PBXFileReference; fileEncoding = 4; lastKnownFileType = sourcecode.cpp.cpp; name = io.cpp; path = ../src/io.cpp; sourceTree = "<group>"; };
		9660CE731A636CC80064D34F /* iphone.mm */ = {isa = PBXFileReference; fileEncoding = 4; lastKnownFileType = sourcecode.cpp.objcpp; name = iphone.mm; path = ../src/iphone.mm; sourceTree = "<group>"; };
		9660CE741A636CC80064D34F /* Items.cpp */ = {isa = PBXFileReference; fileEncoding = 4; lastKnownFileType = sourcecode.cpp.cpp; name = Items.cpp; path = ../src/Items.cpp; sourceTree = "<group>"; };
		9660CE751A636CC80064D34F /* lander.cpp */ = {isa = PBXFileReference; fileEncoding = 4; lastKnownFileType = sourcecode.cpp.cpp; name = lander.cpp; path = ../src/lander.cpp; sourceTree = "<group>"; };
		9660CE761A636CC80064D34F /* monster2.cpp */ = {isa = PBXFileReference; fileEncoding = 4; lastKnownFileType = sourcecode.cpp.cpp; name = monster2.cpp; path = ../src/monster2.cpp; sourceTree = "<group>"; };
		9660CE771A636CC80064D34F /* my_load_bitmap.cpp */ = {isa = PBXFileReference; fileEncoding = 4; lastKnownFileType = sourcecode.cpp.cpp; name = my_load_bitmap.cpp; path = ../src/my_load_bitmap.cpp; sourceTree = "<group>"; };
		9660CE781A636CC80064D34F /* mygamecentervc.m */ = {isa = PBXFileReference; fileEncoding = 4; lastKnownFileType = sourcecode.c.objc; name = mygamecentervc.m; path = ../src/mygamecentervc.m; sourceTree = "<group>"; };
		9660CE791A636CC80064D34F /* Object.cpp */ = {isa = PBXFileReference; fileEncoding = 4; lastKnownFileType = sourcecode.cpp.cpp; name = Object.cpp; path = ../src/Object.cpp; sourceTree = "<group>"; };
		9660CE7A1A636CC80064D34F /* pause.cpp */ = {isa = PBXFileReference; fileEncoding = 4; lastKnownFileType = sourcecode.cpp.cpp; name = pause.cpp; path = ../src/pause.cpp; sourceTree = "<group>"; };
		9660CE7B1A636CC80064D34F /* Player.cpp */ = {isa = PBXFileReference; fileEncoding = 4; lastKnownFileType = sourcecode.cpp.cpp; name = Player.cpp; path = ../src/Player.cpp; sourceTree = "<group>"; };
		9660CE7C1A636CC80064D34F /* redundant.cpp */ = {isa = PBXFileReference; fileEncoding = 4; lastKnownFileType = sourcecode.cpp.cpp; name = redundant.cpp; path = ../src/redundant.cpp; sourceTree = "<group>"; };
		9660CE7D1A636CC80064D34F /* script.cpp */ = {isa = PBXFileReference; fileEncoding = 4; lastKnownFileType = sourcecode.cpp.cpp; name = script.cpp; path = ../src/script.cpp; sourceTree = "<group>"; };
		9660CE7E1A636CC80064D34F /* shooter.cpp */ = {isa = PBXFileReference; fileEncoding = 4; lastKnownFileType = sourcecode.cpp.cpp; name = shooter.cpp; path = ../src/shooter.cpp; sourceTree = "<group>"; };
		9660CE811A636CC80064D34F /* sound.cpp */ = {isa = PBXFileReference; fileEncoding = 4; lastKnownFileType = sourcecode.cpp.cpp; name = sound.cpp; path = ../src/sound.cpp; sourceTree = "<group>"; };
		9660CE821A636CC80064D34F /* Spells.cpp */ = {isa = PBXFileReference; fileEncoding = 4; lastKnownFileType = sourcecode.cpp.cpp; name = Spells.cpp; path = ../src/Spells.cpp; sourceTree = "<group>"; };
		9660CE841A636CC80064D34F /* tgui.cpp */ = {isa = PBXFileReference; fileEncoding = 4; lastKnownFileType = sourcecode.cpp.cpp; name = tgui.cpp; path = ../src/tgui.cpp; sourceTree = "<group>"; };
		9660CE851A636CC80064D34F /* Tile.cpp */ = {isa = PBXFileReference; fileEncoding = 4; lastKnownFileType = sourcecode.cpp.cpp; name = Tile.cpp; path = ../src/Tile.cpp; sourceTree = "<group>"; };
		9660CE861A636CC80064D34F /* translate.cpp */ = {isa = PBXFileReference; fileEncoding = 4; lastKnownFileType = sourcecode.cpp.cpp; name = translate.cpp; path = ../src/translate.cpp; sourceTree = "<group>"; };
		9660CE871A636CC80064D34F /* util.cpp */ = {isa = PBXFileReference; fileEncoding = 4; lastKnownFileType = sourcecode.cpp.cpp; name = util.cpp; path = ../src/util.cpp; sourceTree = "<group>"; };
		9660CE881A636CC80064D34F /* widgets.cpp */ = {isa = PBXFileReference; fileEncoding = 4; lastKnownFileType = sourcecode.cpp.cpp; name = widgets.cpp; path = ../src/widgets.cpp; sourceTree = "<group>"; };
		9660CE891A636CC80064D34F /* xml.cpp */ = {isa = PBXFileReference; fileEncoding = 4; lastKnownFileType = sourcecode.cpp.cpp; name = xml.cpp; path = ../src/xml.cpp; sourceTree = "<group>"; };
		9660CEB91A6374610064D34F /* libAllegro 5 iOS.a */ = {isa = PBXFileReference; lastKnownFileType = archive.ar; name = "libAllegro 5 iOS.a"; path = "../../iphone_libs_r/lib/libAllegro 5 iOS.a"; sourceTree = "<group>"; };
		9660CEBA1A6374610064D34F /* libbass.a */ = {isa = PBXFileReference; lastKnownFileType = archive.ar; name = libbass.a; path = ../../iphone_libs_r/lib/libbass.a; sourceTree = "<group>"; };
		9660CEBB1A6374610064D34F /* libfreetype.a */ = {isa = PBXFileReference; lastKnownFileType = archive.ar; name = libfreetype.a; path = ../../iphone_libs_r/lib/libfreetype.a; sourceTree = "<group>"; };
		9660CEBC1A6374610064D34F /* liblua.a */ = {isa = PBXFileReference; lastKnownFileType = archive.ar; name = liblua.a; path = ../../iphone_libs_r/lib/liblua.a; sourceTree = "<group>"; };
		9660CEBD1A6374610064D34F /* libphysfs.a */ = {isa = PBXFileReference; lastKnownFileType = archive.ar; name = libphysfs.a; path = ../../iphone_libs_r/lib/libphysfs.a; sourceTree = "<group>"; };
		9660CEC31A6375F70064D34F /* AudioToolbox.framework */ = {isa = PBXFileReference; lastKnownFileType = wrapper.framework; name = AudioToolbox.framework; path = System/Library/Frameworks/AudioToolbox.framework; sourceTree = SDKROOT; };
		9660CEC41A6375F70064D34F /* libz.dylib */ = {isa = PBXFileReference; lastKnownFileType = "compiled.mach-o.dylib"; name = libz.dylib; path = usr/lib/libz.dylib; sourceTree = SDKROOT; };
		9660CEC71A6376640064D34F /* AVFoundation.framework */ = {isa = PBXFileReference; lastKnownFileType = wrapper.framework; name = AVFoundation.framework; path = System/Library/Frameworks/AVFoundation.framework; sourceTree = SDKROOT; };
		9660CEC91A6376BB0064D34F /* AudioUnit.framework */ = {isa = PBXFileReference; lastKnownFileType = wrapper.framework; name = AudioUnit.framework; path = System/Library/Frameworks/AudioUnit.framework; sourceTree = SDKROOT; };
		9660CECB1A6376EA0064D34F /* Security.framework */ = {isa = PBXFileReference; lastKnownFileType = wrapper.framework; name = Security.framework; path = System/Library/Frameworks/Security.framework; sourceTree = SDKROOT; };
		9660CECD1A6377260064D34F /* Accelerate.framework */ = {isa = PBXFileReference; lastKnownFileType = wrapper.framework; name = Accelerate.framework; path = System/Library/Frameworks/Accelerate.framework; sourceTree = SDKROOT; };
		969874D91A63789700E0FD12 /* MobileCoreServices.framework */ = {isa = PBXFileReference; lastKnownFileType = wrapper.framework; name = MobileCoreServices.framework; path = System/Library/Frameworks/MobileCoreServices.framework; sourceTree = SDKROOT; };
		969874DB1A637B2000E0FD12 /* data.zip */ = {isa = PBXFileReference; lastKnownFileType = archive.zip; name = data.zip; path = ../data.zip; sourceTree = "<group>"; };
		96D35D161B398EE2000B18FD /* libAllegro5_iOS.a */ = {isa = PBXFileReference; lastKnownFileType = archive.ar; name = libAllegro5_iOS.a; path = ../../iphone_libs_r/lib/libAllegro5_iOS.a; sourceTree = "<group>"; };
/* End PBXFileReference section */

/* Begin PBXFrameworksBuildPhase section */
		9660CE271A6369970064D34F /* Frameworks */ = {
			isa = PBXFrameworksBuildPhase;
			buildActionMask = 2147483647;
			files = (
				96D35D171B398EE2000B18FD /* libAllegro5_iOS.a in Frameworks */,
				969874DA1A63789700E0FD12 /* MobileCoreServices.framework in Frameworks */,
				969874D81A6377A200E0FD12 /* Accelerate.framework in Frameworks */,
				9660CEC81A6376640064D34F /* AVFoundation.framework in Frameworks */,
				9660CEC51A6375F70064D34F /* AudioToolbox.framework in Frameworks */,
				9660CEC61A6375F70064D34F /* libz.dylib in Frameworks */,
				9660CEBF1A6374610064D34F /* libbass.a in Frameworks */,
				9660CEC01A6374610064D34F /* libfreetype.a in Frameworks */,
				9660CEC11A6374610064D34F /* liblua.a in Frameworks */,
				9660CEC21A6374610064D34F /* libphysfs.a in Frameworks */,
				9660CE5A1A636BF40064D34F /* GameKit.framework in Frameworks */,
			);
			runOnlyForDeploymentPostprocessing = 0;
		};
/* End PBXFrameworksBuildPhase section */

/* Begin PBXGroup section */
		9660CE211A6369970064D34F = {
			isa = PBXGroup;
			children = (
				96D35D161B398EE2000B18FD /* libAllegro5_iOS.a */,
				969874DB1A637B2000E0FD12 /* data.zip */,
				969874D91A63789700E0FD12 /* MobileCoreServices.framework */,
				9660CECD1A6377260064D34F /* Accelerate.framework */,
				9660CECB1A6376EA0064D34F /* Security.framework */,
				9660CEC91A6376BB0064D34F /* AudioUnit.framework */,
				9660CEC71A6376640064D34F /* AVFoundation.framework */,
				9660CEC31A6375F70064D34F /* AudioToolbox.framework */,
				9660CEC41A6375F70064D34F /* libz.dylib */,
				9660CEB91A6374610064D34F /* libAllegro 5 iOS.a */,
				9660CEBA1A6374610064D34F /* libbass.a */,
				9660CEBB1A6374610064D34F /* libfreetype.a */,
				9660CEBC1A6374610064D34F /* liblua.a */,
				9660CEBD1A6374610064D34F /* libphysfs.a */,
				9660CE5B1A636CC80064D34F /* 3d.cpp */,
				9660CE5C1A636CC80064D34F /* Animation.cpp */,
				9660CE5D1A636CC80064D34F /* AnimationSet.cpp */,
				9660CE5E1A636CC80064D34F /* Area.cpp */,
				9660CE5F1A636CC80064D34F /* atlas_accessor.cpp */,
				9660CE601A636CC80064D34F /* atlas.cpp */,
				9660CE611A636CC80064D34F /* battle.cpp */,
				9660CE621A636CC80064D34F /* CombatActions.cpp */,
				9660CE631A636CC80064D34F /* Combatant.cpp */,
				9660CE641A636CC80064D34F /* CombatEnemy.cpp */,
				9660CE651A636CC80064D34F /* CombatEntity.cpp */,
				9660CE661A636CC80064D34F /* CombatPlayer.cpp */,
				9660CE671A636CC80064D34F /* Configuration.cpp */,
				9660CE681A636CC80064D34F /* debug.cpp */,
				9660CE691A636CC80064D34F /* equipment.cpp */,
				9660CE6A1A636CC80064D34F /* Frame.cpp */,
				9660CE6B1A636CC80064D34F /* gamecenter.mm */,
				9660CE6C1A636CC80064D34F /* GenericEffect.cpp */,
				9660CE6D1A636CC80064D34F /* graphics.cpp */,
				9660CE6E1A636CC80064D34F /* Image.cpp */,
				9660CE6F1A636CC80064D34F /* init.mm */,
				9660CE701A636CC80064D34F /* Input.cpp */,
				9660CE711A636CC80064D34F /* inventory.cpp */,
				9660CE721A636CC80064D34F /* io.cpp */,
				9660CE731A636CC80064D34F /* iphone.mm */,
				9660CE741A636CC80064D34F /* Items.cpp */,
				9660CE751A636CC80064D34F /* lander.cpp */,
				9660CE761A636CC80064D34F /* monster2.cpp */,
				9660CE771A636CC80064D34F /* my_load_bitmap.cpp */,
				9660CE781A636CC80064D34F /* mygamecentervc.m */,
				9660CE791A636CC80064D34F /* Object.cpp */,
				9660CE7A1A636CC80064D34F /* pause.cpp */,
				9660CE7B1A636CC80064D34F /* Player.cpp */,
				9660CE7C1A636CC80064D34F /* redundant.cpp */,
				9660CE7D1A636CC80064D34F /* script.cpp */,
				9660CE7E1A636CC80064D34F /* shooter.cpp */,
				9660CE811A636CC80064D34F /* sound.cpp */,
				9660CE821A636CC80064D34F /* Spells.cpp */,
				9660CE841A636CC80064D34F /* tgui.cpp */,
				9660CE851A636CC80064D34F /* Tile.cpp */,
				9660CE861A636CC80064D34F /* translate.cpp */,
				9660CE871A636CC80064D34F /* util.cpp */,
				9660CE881A636CC80064D34F /* widgets.cpp */,
				9660CE891A636CC80064D34F /* xml.cpp */,
				9660CE591A636BF40064D34F /* GameKit.framework */,
				9660CE2C1A6369970064D34F /* Monster RPG 2 */,
				9660CE2B1A6369970064D34F /* Products */,
			);
			sourceTree = "<group>";
		};
		9660CE2B1A6369970064D34F /* Products */ = {
			isa = PBXGroup;
			children = (
				9660CE2A1A6369970064D34F /* Monster RPG 2.app */,
			);
			name = Products;
			sourceTree = "<group>";
		};
		9660CE2C1A6369970064D34F /* Monster RPG 2 */ = {
			isa = PBXGroup;
			children = (
				9660CE3E1A6369970064D34F /* Images.xcassets */,
				9660CE2D1A6369970064D34F /* Supporting Files */,
			);
			path = "Monster RPG 2";
			sourceTree = "<group>";
		};
		9660CE2D1A6369970064D34F /* Supporting Files */ = {
			isa = PBXGroup;
			children = (
				9660CE2E1A6369970064D34F /* Info.plist */,
			);
			name = "Supporting Files";
			sourceTree = "<group>";
		};
/* End PBXGroup section */

/* Begin PBXNativeTarget section */
		9660CE291A6369970064D34F /* Monster RPG 2 */ = {
			isa = PBXNativeTarget;
			buildConfigurationList = 9660CE511A6369980064D34F /* Build configuration list for PBXNativeTarget "Monster RPG 2" */;
			buildPhases = (
				9660CE261A6369970064D34F /* Sources */,
				9660CE271A6369970064D34F /* Frameworks */,
				9660CE281A6369970064D34F /* Resources */,
			);
			buildRules = (
			);
			dependencies = (
			);
			name = "Monster RPG 2";
			productName = "Monster RPG 2";
			productReference = 9660CE2A1A6369970064D34F /* Monster RPG 2.app */;
			productType = "com.apple.product-type.application";
		};
/* End PBXNativeTarget section */

/* Begin PBXProject section */
		9660CE221A6369970064D34F /* Project object */ = {
			isa = PBXProject;
			attributes = {
				LastUpgradeCheck = 0610;
				ORGANIZATIONNAME = Nooskewl;
				TargetAttributes = {
					9660CE291A6369970064D34F = {
						CreatedOnToolsVersion = 6.1.1;
						DevelopmentTeam = ZCLK6CUZ99;
						SystemCapabilities = {
							com.apple.GameCenter = {
								enabled = 1;
							};
						};
					};
				};
			};
			buildConfigurationList = 9660CE251A6369970064D34F /* Build configuration list for PBXProject "Monster RPG 2" */;
			compatibilityVersion = "Xcode 3.2";
			developmentRegion = English;
			hasScannedForEncodings = 0;
			knownRegions = (
				en,
				Base,
			);
			mainGroup = 9660CE211A6369970064D34F;
			productRefGroup = 9660CE2B1A6369970064D34F /* Products */;
			projectDirPath = "";
			projectRoot = "";
			targets = (
				9660CE291A6369970064D34F /* Monster RPG 2 */,
			);
		};
/* End PBXProject section */

/* Begin PBXResourcesBuildPhase section */
		9660CE281A6369970064D34F /* Resources */ = {
			isa = PBXResourcesBuildPhase;
			buildActionMask = 2147483647;
			files = (
				96D35D151B398B12000B18FD /* data.zip in Resources */,
				9660CE3F1A6369970064D34F /* Images.xcassets in Resources */,
			);
			runOnlyForDeploymentPostprocessing = 0;
		};
/* End PBXResourcesBuildPhase section */

/* Begin PBXSourcesBuildPhase section */
		9660CE261A6369970064D34F /* Sources */ = {
			isa = PBXSourcesBuildPhase;
			buildActionMask = 2147483647;
			files = (
				9660CEA81A636CC80064D34F /* Object.cpp in Sources */,
				9660CEA31A636CC80064D34F /* Items.cpp in Sources */,
				9660CE9B1A636CC80064D34F /* GenericEffect.cpp in Sources */,
				9660CE901A636CC80064D34F /* battle.cpp in Sources */,
				9660CE981A636CC80064D34F /* equipment.cpp in Sources */,
				9660CEAA1A636CC80064D34F /* Player.cpp in Sources */,
				9660CE961A636CC80064D34F /* Configuration.cpp in Sources */,
				9660CE911A636CC80064D34F /* CombatActions.cpp in Sources */,
				9660CE9A1A636CC80064D34F /* gamecenter.mm in Sources */,
				9660CEA51A636CC80064D34F /* monster2.cpp in Sources */,
				9660CE9E1A636CC80064D34F /* init.mm in Sources */,
				9660CEA11A636CC80064D34F /* io.cpp in Sources */,
				9660CE941A636CC80064D34F /* CombatEntity.cpp in Sources */,
				9660CEA71A636CC80064D34F /* mygamecentervc.m in Sources */,
				9660CE991A636CC80064D34F /* Frame.cpp in Sources */,
				9660CE8C1A636CC80064D34F /* AnimationSet.cpp in Sources */,
				9660CE9D1A636CC80064D34F /* Image.cpp in Sources */,
				9660CE8F1A636CC80064D34F /* atlas.cpp in Sources */,
				9660CE8E1A636CC80064D34F /* atlas_accessor.cpp in Sources */,
				9660CE8B1A636CC80064D34F /* Animation.cpp in Sources */,
				9660CEAD1A636CC80064D34F /* shooter.cpp in Sources */,
				9660CE9F1A636CC80064D34F /* Input.cpp in Sources */,
				9660CEAC1A636CC80064D34F /* script.cpp in Sources */,
				9660CEAB1A636CC80064D34F /* redundant.cpp in Sources */,
				9660CEB31A636CC80064D34F /* tgui.cpp in Sources */,
				9660CEA21A636CC80064D34F /* iphone.mm in Sources */,
				9660CEA61A636CC80064D34F /* my_load_bitmap.cpp in Sources */,
				9660CEA01A636CC80064D34F /* inventory.cpp in Sources */,
				9660CE8D1A636CC80064D34F /* Area.cpp in Sources */,
				9660CEB71A636CC80064D34F /* widgets.cpp in Sources */,
				9660CEA91A636CC80064D34F /* pause.cpp in Sources */,
				9660CE951A636CC80064D34F /* CombatPlayer.cpp in Sources */,
				9660CE8A1A636CC80064D34F /* 3d.cpp in Sources */,
				9660CEA41A636CC80064D34F /* lander.cpp in Sources */,
				9660CEB51A636CC80064D34F /* translate.cpp in Sources */,
				9660CEB41A636CC80064D34F /* Tile.cpp in Sources */,
				9660CEB61A636CC80064D34F /* util.cpp in Sources */,
				9660CEB81A636CC80064D34F /* xml.cpp in Sources */,
				9660CEB01A636CC80064D34F /* sound.cpp in Sources */,
				9660CE931A636CC80064D34F /* CombatEnemy.cpp in Sources */,
				9660CE921A636CC80064D34F /* Combatant.cpp in Sources */,
				9660CE9C1A636CC80064D34F /* graphics.cpp in Sources */,
				9660CEB11A636CC80064D34F /* Spells.cpp in Sources */,
				9660CE971A636CC80064D34F /* debug.cpp in Sources */,
			);
			runOnlyForDeploymentPostprocessing = 0;
		};
/* End PBXSourcesBuildPhase section */

/* Begin XCBuildConfiguration section */
		9660CE4F1A6369980064D34F /* Debug */ = {
			isa = XCBuildConfiguration;
			buildSettings = {
				ALWAYS_SEARCH_USER_PATHS = NO;
				CLANG_CXX_LANGUAGE_STANDARD = "gnu++98";
				CLANG_CXX_LIBRARY = "libstdc++";
				CLANG_ENABLE_MODULES = YES;
				CLANG_ENABLE_OBJC_ARC = NO;
				CLANG_WARN_BOOL_CONVERSION = YES;
				CLANG_WARN_CONSTANT_CONVERSION = YES;
				CLANG_WARN_DIRECT_OBJC_ISA_USAGE = YES_ERROR;
				CLANG_WARN_EMPTY_BODY = YES;
				CLANG_WARN_ENUM_CONVERSION = YES;
				CLANG_WARN_INT_CONVERSION = YES;
				CLANG_WARN_OBJC_ROOT_CLASS = YES_ERROR;
				CLANG_WARN_UNREACHABLE_CODE = YES;
				CLANG_WARN__DUPLICATE_METHOD_MATCH = YES;
				"CODE_SIGN_IDENTITY[sdk=iphoneos*]" = "iPhone Developer";
				COPY_PHASE_STRIP = NO;
				ENABLE_STRICT_OBJC_MSGSEND = YES;
				GCC_C_LANGUAGE_STANDARD = gnu99;
				GCC_DYNAMIC_NO_PIC = NO;
				GCC_OPTIMIZATION_LEVEL = 0;
				GCC_PREPROCESSOR_DEFINITIONS = (
					"DEBUG=1",
					"$(inherited)",
				);
				GCC_SYMBOLS_PRIVATE_EXTERN = NO;
				GCC_WARN_64_TO_32_BIT_CONVERSION = YES;
				GCC_WARN_ABOUT_RETURN_TYPE = YES_ERROR;
				GCC_WARN_UNDECLARED_SELECTOR = YES;
				GCC_WARN_UNINITIALIZED_AUTOS = YES_AGGRESSIVE;
				GCC_WARN_UNUSED_FUNCTION = YES;
				GCC_WARN_UNUSED_VARIABLE = YES;
				HEADER_SEARCH_PATHS = (
					"$(inherited)",
					/Applications/Xcode.app/Contents/Developer/Toolchains/XcodeDefault.xctoolchain/usr/include,
					/Users/trent/code/iphone_libs_r/include,
					"/Users/trent/code/monster-rpg-2/include",
				);
				IPHONEOS_DEPLOYMENT_TARGET = 8.1;
				LIBRARY_SEARCH_PATHS = /Users/trent/code/iphone_libs_r/lib;
				MTL_ENABLE_DEBUG_INFO = YES;
				ONLY_ACTIVE_ARCH = YES;
				SDKROOT = iphoneos;
				TARGETED_DEVICE_FAMILY = "1,2";
			};
			name = Debug;
		};
		9660CE501A6369980064D34F /* Release */ = {
			isa = XCBuildConfiguration;
			buildSettings = {
				ALWAYS_SEARCH_USER_PATHS = NO;
				CLANG_CXX_LANGUAGE_STANDARD = "gnu++98";
				CLANG_CXX_LIBRARY = "libstdc++";
				CLANG_ENABLE_MODULES = YES;
				CLANG_ENABLE_OBJC_ARC = NO;
				CLANG_WARN_BOOL_CONVERSION = YES;
				CLANG_WARN_CONSTANT_CONVERSION = YES;
				CLANG_WARN_DIRECT_OBJC_ISA_USAGE = YES_ERROR;
				CLANG_WARN_EMPTY_BODY = YES;
				CLANG_WARN_ENUM_CONVERSION = YES;
				CLANG_WARN_INT_CONVERSION = YES;
				CLANG_WARN_OBJC_ROOT_CLASS = YES_ERROR;
				CLANG_WARN_UNREACHABLE_CODE = YES;
				CLANG_WARN__DUPLICATE_METHOD_MATCH = YES;
				"CODE_SIGN_IDENTITY[sdk=iphoneos*]" = "iPhone Developer";
				COPY_PHASE_STRIP = YES;
				ENABLE_NS_ASSERTIONS = NO;
				ENABLE_STRICT_OBJC_MSGSEND = YES;
				GCC_C_LANGUAGE_STANDARD = gnu99;
				GCC_WARN_64_TO_32_BIT_CONVERSION = YES;
				GCC_WARN_ABOUT_RETURN_TYPE = YES_ERROR;
				GCC_WARN_UNDECLARED_SELECTOR = YES;
				GCC_WARN_UNINITIALIZED_AUTOS = YES_AGGRESSIVE;
				GCC_WARN_UNUSED_FUNCTION = YES;
				GCC_WARN_UNUSED_VARIABLE = YES;
				HEADER_SEARCH_PATHS = (
					"$(inherited)",
					/Applications/Xcode.app/Contents/Developer/Toolchains/XcodeDefault.xctoolchain/usr/include,
					/Users/trent/code/iphone_libs_r/include,
					"/Users/trent/code/monster-rpg-2/include",
				);
				IPHONEOS_DEPLOYMENT_TARGET = 8.1;
				LIBRARY_SEARCH_PATHS = /Users/trent/code/iphone_libs_r/lib;
				MTL_ENABLE_DEBUG_INFO = NO;
				SDKROOT = iphoneos;
				TARGETED_DEVICE_FAMILY = "1,2";
				VALIDATE_PRODUCT = YES;
			};
			name = Release;
		};
		9660CE521A6369980064D34F /* Debug */ = {
			isa = XCBuildConfiguration;
			buildSettings = {
				ARCHS = (
					armv7,
					armv7s,
					arm64,
				);
				ASSETCATALOG_COMPILER_APPICON_NAME = AppIcon;
				ASSETCATALOG_COMPILER_LAUNCHIMAGE_NAME = LaunchImage;
				CODE_SIGN_IDENTITY = "iPhone Distribution: Nooskewl";
				"CODE_SIGN_IDENTITY[sdk=iphoneos*]" = "iPhone Distribution: Nooskewl";
				INFOPLIST_FILE = "Monster RPG 2/Info.plist";
				IPHONEOS_DEPLOYMENT_TARGET = 6.0;
				LD_RUNPATH_SEARCH_PATHS = "$(inherited) @executable_path/Frameworks";
				LIBRARY_SEARCH_PATHS = (
					"$(inherited)",
					/Users/trent/code/iphone_libs_r/lib,
				);
				PRODUCT_NAME = "$(TARGET_NAME)";
				PROVISIONING_PROFILE = "1daa79cc-821f-4f3c-8a9f-f9a5521a214c";
				TARGETED_DEVICE_FAMILY = "1,2";
			};
			name = Debug;
		};
		9660CE531A6369980064D34F /* Release */ = {
			isa = XCBuildConfiguration;
			buildSettings = {
				ARCHS = (
					armv7,
					armv7s,
					arm64,
				);
				ASSETCATALOG_COMPILER_APPICON_NAME = AppIcon;
				ASSETCATALOG_COMPILER_LAUNCHIMAGE_NAME = LaunchImage;
				CODE_SIGN_IDENTITY = "iPhone Distribution: Nooskewl";
				"CODE_SIGN_IDENTITY[sdk=iphoneos*]" = "iPhone Distribution: Nooskewl";
				INFOPLIST_FILE = "Monster RPG 2/Info.plist";
				IPHONEOS_DEPLOYMENT_TARGET = 6.0;
				LD_RUNPATH_SEARCH_PATHS = "$(inherited) @executable_path/Frameworks";
				LIBRARY_SEARCH_PATHS = (
					"$(inherited)",
					/Users/trent/code/iphone_libs_r/lib,
				);
				PRODUCT_NAME = "$(TARGET_NAME)";
				PROVISIONING_PROFILE = "1daa79cc-821f-4f3c-8a9f-f9a5521a214c";
				TARGETED_DEVICE_FAMILY = "1,2";
			};
			name = Release;
		};
/* End XCBuildConfiguration section */

/* Begin XCConfigurationList section */
		9660CE251A6369970064D34F /* Build configuration list for PBXProject "Monster RPG 2" */ = {
			isa = XCConfigurationList;
			buildConfigurations = (
				9660CE4F1A6369980064D34F /* Debug */,
				9660CE501A6369980064D34F /* Release */,
			);
			defaultConfigurationIsVisible = 0;
			defaultConfigurationName = Release;
		};
		9660CE511A6369980064D34F /* Build configuration list for PBXNativeTarget "Monster RPG 2" */ = {
			isa = XCConfigurationList;
			buildConfigurations = (
				9660CE521A6369980064D34F /* Debug */,
				9660CE531A6369980064D34F /* Release */,
			);
			defaultConfigurationIsVisible = 0;
			defaultConfigurationName = Release;
		};
/* End XCConfigurationList section */
	};
	rootObject = 9660CE221A6369970064D34F /* Project object */;
}
